
Microsoft Visual Studio Solution File, Format Version 12.00
# Visual Studio Version 17
VisualStudioVersion = 17.2.32630.192
MinimumVisualStudioVersion = 10.0.40219.1
Project("{9A19103F-16F7-4668-BE54-9A1E7A4F7556}") = "01.SecretChat", "01.SecretChat\01.SecretChat.csproj", "{2E315E33-B51A-47DF-9503-60255A5C629D}"
EndProject
Project("{9A19103F-16F7-4668-BE54-9A1E7A4F7556}") = "02.FancyBarcodes", "02.FancyBarcodes\02.FancyBarcodes.csproj", "{7778C2DB-C904-4CE1-828E-C024F57415F5}"
EndProject
Project("{FAE04EC0-301F-11D3-BF4B-00C04F79EFBC}") = "03.ThePianist", "03.ThePianist\03.ThePianist.csproj", "{DCF26669-A225-4B48-BF0E-109ADEB8D141}"
EndProject
Global
	GlobalSection(SolutionConfigurationPlatforms) = preSolution
		Debug|Any CPU = Debug|Any CPU
		Release|Any CPU = Release|Any CPU
	EndGlobalSection
	GlobalSection(ProjectConfigurationPlatforms) = postSolution
		{2E315E33-B51A-47DF-9503-60255A5C629D}.Debug|Any CPU.ActiveCfg = Debug|Any CPU
		{2E315E33-B51A-47DF-9503-60255A5C629D}.Debug|Any CPU.Build.0 = Debug|Any CPU
		{2E315E33-B51A-47DF-9503-60255A5C629D}.Release|Any CPU.ActiveCfg = Release|Any CPU
		{2E315E33-B51A-47DF-9503-60255A5C629D}.Release|Any CPU.Build.0 = Release|Any CPU
		{7778C2DB-C904-4CE1-828E-C024F57415F5}.Debug|Any CPU.ActiveCfg = Debug|Any CPU
		{7778C2DB-C904-4CE1-828E-C024F57415F5}.Debug|Any CPU.Build.0 = Debug|Any CPU
		{7778C2DB-C904-4CE1-828E-C024F57415F5}.Release|Any CPU.ActiveCfg = Release|Any CPU
		{7778C2DB-C904-4CE1-828E-C024F57415F5}.Release|Any CPU.Build.0 = Release|Any CPU
		{DCF26669-A225-4B48-BF0E-109ADEB8D141}.Debug|Any CPU.ActiveCfg = Debug|Any CPU
		{DCF26669-A225-4B48-BF0E-109ADEB8D141}.Debug|Any CPU.Build.0 = Debug|Any CPU
		{DCF26669-A225-4B48-BF0E-109ADEB8D141}.Release|Any CPU.ActiveCfg = Release|Any CPU
		{DCF26669-A225-4B48-BF0E-109ADEB8D141}.Release|Any CPU.Build.0 = Release|Any CPU
	EndGlobalSection
	GlobalSection(SolutionProperties) = preSolution
		HideSolutionNode = FALSE
	EndGlobalSection
	GlobalSection(ExtensibilityGlobals) = postSolution
		SolutionGuid = {C22D0630-C8F4-4DDF-B3B4-BF77207D13F3}
	EndGlobalSection
EndGlobal
