
Microsoft Visual Studio Solution File, Format Version 12.00
# Visual Studio Version 16
VisualStudioVersion = 16.0.32002.261
MinimumVisualStudioVersion = 10.0.40219.1
Project("{9A19103F-16F7-4668-BE54-9A1E7A4F7556}") = "01.DayOfWeek", "01.DayOfWeek\01.DayOfWeek.csproj", "{40D1E77C-35A8-4F99-A277-AED63400F06F}"
EndProject
Project("{9A19103F-16F7-4668-BE54-9A1E7A4F7556}") = "02.WeekendOrWorkingDay", "02.WeekendOrWorkingDay\02.WeekendOrWorkingDay.csproj", "{2086C35E-41D4-405A-B525-4C2E9105E4DC}"
EndProject
Project("{9A19103F-16F7-4668-BE54-9A1E7A4F7556}") = "03.AnimalType", "03.AnimalType\03.AnimalType.csproj", "{7C0D3E9B-6438-4CFD-9B03-B992AF6B2FFC}"
EndProject
Project("{9A19103F-16F7-4668-BE54-9A1E7A4F7556}") = "04.PersonalTitles", "04.PersonalTitles\04.PersonalTitles.csproj", "{A9FD9C83-0F48-4EF8-9051-2AA3647A01ED}"
EndProject
Project("{9A19103F-16F7-4668-BE54-9A1E7A4F7556}") = "05.SmallShop", "05.SmallShop\05.SmallShop.csproj", "{AE9723FB-5131-46C5-A2DC-ABE7B8804F14}"
EndProject
Project("{9A19103F-16F7-4668-BE54-9A1E7A4F7556}") = "06.NumberInRange", "06.NumberInRange\06.NumberInRange.csproj", "{8552DBB2-C477-473A-9FF0-F876A599CAC9}"
EndProject
Project("{9A19103F-16F7-4668-BE54-9A1E7A4F7556}") = "07.WorkigHours", "07.WorkigHours\07.WorkigHours.csproj", "{9290E0EE-DB24-4269-8526-C8A0078CB329}"
EndProject
Project("{9A19103F-16F7-4668-BE54-9A1E7A4F7556}") = "08.CinemaTicket", "08.CinemaTicket\08.CinemaTicket.csproj", "{E4FA1532-36D1-42BC-A7F0-549819DC1913}"
EndProject
Project("{9A19103F-16F7-4668-BE54-9A1E7A4F7556}") = "09.FruitOrVegetable", "09.FruitOrVegetable\09.FruitOrVegetable.csproj", "{80610AF2-4B42-4532-8D3B-C356CB5EE0BC}"
EndProject
Project("{9A19103F-16F7-4668-BE54-9A1E7A4F7556}") = "10.InvalidNumber", "10.InvalidNumber\10.InvalidNumber.csproj", "{0E60CC4F-2153-4BBC-8FDA-6F0EB9C74FC6}"
EndProject
Project("{9A19103F-16F7-4668-BE54-9A1E7A4F7556}") = "11.FruitShop", "11.FruitShop\11.FruitShop.csproj", "{12DCB92C-7142-46AC-A82E-40001D3F477D}"
EndProject
Project("{FAE04EC0-301F-11D3-BF4B-00C04F79EFBC}") = "12.TradeComissions", "12.TradeComissions\12.TradeComissions.csproj", "{35AF4098-AFB1-4C95-8F6A-EBC1E21C72DA}"
EndProject
Global
	GlobalSection(SolutionConfigurationPlatforms) = preSolution
		Debug|Any CPU = Debug|Any CPU
		Release|Any CPU = Release|Any CPU
	EndGlobalSection
	GlobalSection(ProjectConfigurationPlatforms) = postSolution
		{40D1E77C-35A8-4F99-A277-AED63400F06F}.Debug|Any CPU.ActiveCfg = Debug|Any CPU
		{40D1E77C-35A8-4F99-A277-AED63400F06F}.Debug|Any CPU.Build.0 = Debug|Any CPU
		{40D1E77C-35A8-4F99-A277-AED63400F06F}.Release|Any CPU.ActiveCfg = Release|Any CPU
		{40D1E77C-35A8-4F99-A277-AED63400F06F}.Release|Any CPU.Build.0 = Release|Any CPU
		{2086C35E-41D4-405A-B525-4C2E9105E4DC}.Debug|Any CPU.ActiveCfg = Debug|Any CPU
		{2086C35E-41D4-405A-B525-4C2E9105E4DC}.Debug|Any CPU.Build.0 = Debug|Any CPU
		{2086C35E-41D4-405A-B525-4C2E9105E4DC}.Release|Any CPU.ActiveCfg = Release|Any CPU
		{2086C35E-41D4-405A-B525-4C2E9105E4DC}.Release|Any CPU.Build.0 = Release|Any CPU
		{7C0D3E9B-6438-4CFD-9B03-B992AF6B2FFC}.Debug|Any CPU.ActiveCfg = Debug|Any CPU
		{7C0D3E9B-6438-4CFD-9B03-B992AF6B2FFC}.Debug|Any CPU.Build.0 = Debug|Any CPU
		{7C0D3E9B-6438-4CFD-9B03-B992AF6B2FFC}.Release|Any CPU.ActiveCfg = Release|Any CPU
		{7C0D3E9B-6438-4CFD-9B03-B992AF6B2FFC}.Release|Any CPU.Build.0 = Release|Any CPU
		{A9FD9C83-0F48-4EF8-9051-2AA3647A01ED}.Debug|Any CPU.ActiveCfg = Debug|Any CPU
		{A9FD9C83-0F48-4EF8-9051-2AA3647A01ED}.Debug|Any CPU.Build.0 = Debug|Any CPU
		{A9FD9C83-0F48-4EF8-9051-2AA3647A01ED}.Release|Any CPU.ActiveCfg = Release|Any CPU
		{A9FD9C83-0F48-4EF8-9051-2AA3647A01ED}.Release|Any CPU.Build.0 = Release|Any CPU
		{AE9723FB-5131-46C5-A2DC-ABE7B8804F14}.Debug|Any CPU.ActiveCfg = Debug|Any CPU
		{AE9723FB-5131-46C5-A2DC-ABE7B8804F14}.Debug|Any CPU.Build.0 = Debug|Any CPU
		{AE9723FB-5131-46C5-A2DC-ABE7B8804F14}.Release|Any CPU.ActiveCfg = Release|Any CPU
		{AE9723FB-5131-46C5-A2DC-ABE7B8804F14}.Release|Any CPU.Build.0 = Release|Any CPU
		{8552DBB2-C477-473A-9FF0-F876A599CAC9}.Debug|Any CPU.ActiveCfg = Debug|Any CPU
		{8552DBB2-C477-473A-9FF0-F876A599CAC9}.Debug|Any CPU.Build.0 = Debug|Any CPU
		{8552DBB2-C477-473A-9FF0-F876A599CAC9}.Release|Any CPU.ActiveCfg = Release|Any CPU
		{8552DBB2-C477-473A-9FF0-F876A599CAC9}.Release|Any CPU.Build.0 = Release|Any CPU
		{9290E0EE-DB24-4269-8526-C8A0078CB329}.Debug|Any CPU.ActiveCfg = Debug|Any CPU
		{9290E0EE-DB24-4269-8526-C8A0078CB329}.Debug|Any CPU.Build.0 = Debug|Any CPU
		{9290E0EE-DB24-4269-8526-C8A0078CB329}.Release|Any CPU.ActiveCfg = Release|Any CPU
		{9290E0EE-DB24-4269-8526-C8A0078CB329}.Release|Any CPU.Build.0 = Release|Any CPU
		{E4FA1532-36D1-42BC-A7F0-549819DC1913}.Debug|Any CPU.ActiveCfg = Debug|Any CPU
		{E4FA1532-36D1-42BC-A7F0-549819DC1913}.Debug|Any CPU.Build.0 = Debug|Any CPU
		{E4FA1532-36D1-42BC-A7F0-549819DC1913}.Release|Any CPU.ActiveCfg = Release|Any CPU
		{E4FA1532-36D1-42BC-A7F0-549819DC1913}.Release|Any CPU.Build.0 = Release|Any CPU
		{80610AF2-4B42-4532-8D3B-C356CB5EE0BC}.Debug|Any CPU.ActiveCfg = Debug|Any CPU
		{80610AF2-4B42-4532-8D3B-C356CB5EE0BC}.Debug|Any CPU.Build.0 = Debug|Any CPU
		{80610AF2-4B42-4532-8D3B-C356CB5EE0BC}.Release|Any CPU.ActiveCfg = Release|Any CPU
		{80610AF2-4B42-4532-8D3B-C356CB5EE0BC}.Release|Any CPU.Build.0 = Release|Any CPU
		{0E60CC4F-2153-4BBC-8FDA-6F0EB9C74FC6}.Debug|Any CPU.ActiveCfg = Debug|Any CPU
		{0E60CC4F-2153-4BBC-8FDA-6F0EB9C74FC6}.Debug|Any CPU.Build.0 = Debug|Any CPU
		{0E60CC4F-2153-4BBC-8FDA-6F0EB9C74FC6}.Release|Any CPU.ActiveCfg = Release|Any CPU
		{0E60CC4F-2153-4BBC-8FDA-6F0EB9C74FC6}.Release|Any CPU.Build.0 = Release|Any CPU
		{12DCB92C-7142-46AC-A82E-40001D3F477D}.Debug|Any CPU.ActiveCfg = Debug|Any CPU
		{12DCB92C-7142-46AC-A82E-40001D3F477D}.Debug|Any CPU.Build.0 = Debug|Any CPU
		{12DCB92C-7142-46AC-A82E-40001D3F477D}.Release|Any CPU.ActiveCfg = Release|Any CPU
		{12DCB92C-7142-46AC-A82E-40001D3F477D}.Release|Any CPU.Build.0 = Release|Any CPU
		{35AF4098-AFB1-4C95-8F6A-EBC1E21C72DA}.Debug|Any CPU.ActiveCfg = Debug|Any CPU
		{35AF4098-AFB1-4C95-8F6A-EBC1E21C72DA}.Debug|Any CPU.Build.0 = Debug|Any CPU
		{35AF4098-AFB1-4C95-8F6A-EBC1E21C72DA}.Release|Any CPU.ActiveCfg = Release|Any CPU
		{35AF4098-AFB1-4C95-8F6A-EBC1E21C72DA}.Release|Any CPU.Build.0 = Release|Any CPU
	EndGlobalSection
	GlobalSection(SolutionProperties) = preSolution
		HideSolutionNode = FALSE
	EndGlobalSection
	GlobalSection(ExtensibilityGlobals) = postSolution
		SolutionGuid = {3CECC525-BC8F-4C90-AF9D-3A4CE43AAC3C}
	EndGlobalSection
EndGlobal
