
Microsoft Visual Studio Solution File, Format Version 12.00
# Visual Studio Version 16
VisualStudioVersion = 16.0.32510.428
MinimumVisualStudioVersion = 10.0.40219.1
Project("{FAE04EC0-301F-11D3-BF4B-00C04F79EFBC}") = "01.IntegerOperations", "01.IntegerOperations\01.IntegerOperations.csproj", "{BF94B05F-BACC-4715-8803-9A14A31E781E}"
EndProject
Project("{FAE04EC0-301F-11D3-BF4B-00C04F79EFBC}") = "02.SumDigits", "02.SumDigits\02.SumDigits.csproj", "{C960FE71-BE2F-4C39-8B4B-7DEC5ED2638F}"
EndProject
Project("{FAE04EC0-301F-11D3-BF4B-00C04F79EFBC}") = "03.Elevator", "03.Elevator\03.Elevator.csproj", "{2A9D685B-6907-41A2-9B11-14F3351BBD4C}"
EndProject
Project("{FAE04EC0-301F-11D3-BF4B-00C04F79EFBC}") = "04.SumOfChars", "04.SumOfChars\04.SumOfChars.csproj", "{3AA7BAFA-93D3-477F-B30D-916CE8342A10}"
EndProject
Project("{FAE04EC0-301F-11D3-BF4B-00C04F79EFBC}") = "05.PrintPartOfASCIITable", "05.PrintPartOfASCIITable\05.PrintPartOfASCIITable.csproj", "{91245731-62E4-41D2-A64B-45B0817ED469}"
EndProject
Project("{FAE04EC0-301F-11D3-BF4B-00C04F79EFBC}") = "06.TriplesOfLatinLetters", "06.TriplesOfLatinLetters\06.TriplesOfLatinLetters.csproj", "{B183FEAD-EAB1-4934-860E-ED86E84A7E51}"
EndProject
Project("{FAE04EC0-301F-11D3-BF4B-00C04F79EFBC}") = "07.WaterOverFlow", "07.WaterOverFlow\07.WaterOverFlow.csproj", "{4AEE7ABF-9760-408B-B283-6772666A5C9D}"
EndProject
Project("{FAE04EC0-301F-11D3-BF4B-00C04F79EFBC}") = "08.BeerKegs", "08.BeerKegs\08.BeerKegs.csproj", "{5951DF09-718F-4E1A-AEBC-04997522FB17}"
EndProject
Project("{FAE04EC0-301F-11D3-BF4B-00C04F79EFBC}") = "09.SpiceMustFlow", "09.SpiceMustFlow\09.SpiceMustFlow.csproj", "{590D09C6-46FD-460B-AE5D-FF0D54B9BCC0}"
EndProject
Project("{FAE04EC0-301F-11D3-BF4B-00C04F79EFBC}") = "10.PokeMon", "10.PokeMon\10.PokeMon.csproj", "{28F10BFC-F581-4A45-8796-8DCCC250E666}"
EndProject
Project("{FAE04EC0-301F-11D3-BF4B-00C04F79EFBC}") = "11.Snowballs", "11.Snowballs\11.Snowballs.csproj", "{8CEC4A82-BF15-464F-BBEA-FA78D8A265F1}"
EndProject
Global
	GlobalSection(SolutionConfigurationPlatforms) = preSolution
		Debug|Any CPU = Debug|Any CPU
		Release|Any CPU = Release|Any CPU
	EndGlobalSection
	GlobalSection(ProjectConfigurationPlatforms) = postSolution
		{BF94B05F-BACC-4715-8803-9A14A31E781E}.Debug|Any CPU.ActiveCfg = Debug|Any CPU
		{BF94B05F-BACC-4715-8803-9A14A31E781E}.Debug|Any CPU.Build.0 = Debug|Any CPU
		{BF94B05F-BACC-4715-8803-9A14A31E781E}.Release|Any CPU.ActiveCfg = Release|Any CPU
		{BF94B05F-BACC-4715-8803-9A14A31E781E}.Release|Any CPU.Build.0 = Release|Any CPU
		{C960FE71-BE2F-4C39-8B4B-7DEC5ED2638F}.Debug|Any CPU.ActiveCfg = Debug|Any CPU
		{C960FE71-BE2F-4C39-8B4B-7DEC5ED2638F}.Debug|Any CPU.Build.0 = Debug|Any CPU
		{C960FE71-BE2F-4C39-8B4B-7DEC5ED2638F}.Release|Any CPU.ActiveCfg = Release|Any CPU
		{C960FE71-BE2F-4C39-8B4B-7DEC5ED2638F}.Release|Any CPU.Build.0 = Release|Any CPU
		{2A9D685B-6907-41A2-9B11-14F3351BBD4C}.Debug|Any CPU.ActiveCfg = Debug|Any CPU
		{2A9D685B-6907-41A2-9B11-14F3351BBD4C}.Debug|Any CPU.Build.0 = Debug|Any CPU
		{2A9D685B-6907-41A2-9B11-14F3351BBD4C}.Release|Any CPU.ActiveCfg = Release|Any CPU
		{2A9D685B-6907-41A2-9B11-14F3351BBD4C}.Release|Any CPU.Build.0 = Release|Any CPU
		{3AA7BAFA-93D3-477F-B30D-916CE8342A10}.Debug|Any CPU.ActiveCfg = Debug|Any CPU
		{3AA7BAFA-93D3-477F-B30D-916CE8342A10}.Debug|Any CPU.Build.0 = Debug|Any CPU
		{3AA7BAFA-93D3-477F-B30D-916CE8342A10}.Release|Any CPU.ActiveCfg = Release|Any CPU
		{3AA7BAFA-93D3-477F-B30D-916CE8342A10}.Release|Any CPU.Build.0 = Release|Any CPU
		{91245731-62E4-41D2-A64B-45B0817ED469}.Debug|Any CPU.ActiveCfg = Debug|Any CPU
		{91245731-62E4-41D2-A64B-45B0817ED469}.Debug|Any CPU.Build.0 = Debug|Any CPU
		{91245731-62E4-41D2-A64B-45B0817ED469}.Release|Any CPU.ActiveCfg = Release|Any CPU
		{91245731-62E4-41D2-A64B-45B0817ED469}.Release|Any CPU.Build.0 = Release|Any CPU
		{B183FEAD-EAB1-4934-860E-ED86E84A7E51}.Debug|Any CPU.ActiveCfg = Debug|Any CPU
		{B183FEAD-EAB1-4934-860E-ED86E84A7E51}.Debug|Any CPU.Build.0 = Debug|Any CPU
		{B183FEAD-EAB1-4934-860E-ED86E84A7E51}.Release|Any CPU.ActiveCfg = Release|Any CPU
		{B183FEAD-EAB1-4934-860E-ED86E84A7E51}.Release|Any CPU.Build.0 = Release|Any CPU
		{4AEE7ABF-9760-408B-B283-6772666A5C9D}.Debug|Any CPU.ActiveCfg = Debug|Any CPU
		{4AEE7ABF-9760-408B-B283-6772666A5C9D}.Debug|Any CPU.Build.0 = Debug|Any CPU
		{4AEE7ABF-9760-408B-B283-6772666A5C9D}.Release|Any CPU.ActiveCfg = Release|Any CPU
		{4AEE7ABF-9760-408B-B283-6772666A5C9D}.Release|Any CPU.Build.0 = Release|Any CPU
		{5951DF09-718F-4E1A-AEBC-04997522FB17}.Debug|Any CPU.ActiveCfg = Debug|Any CPU
		{5951DF09-718F-4E1A-AEBC-04997522FB17}.Debug|Any CPU.Build.0 = Debug|Any CPU
		{5951DF09-718F-4E1A-AEBC-04997522FB17}.Release|Any CPU.ActiveCfg = Release|Any CPU
		{5951DF09-718F-4E1A-AEBC-04997522FB17}.Release|Any CPU.Build.0 = Release|Any CPU
		{590D09C6-46FD-460B-AE5D-FF0D54B9BCC0}.Debug|Any CPU.ActiveCfg = Debug|Any CPU
		{590D09C6-46FD-460B-AE5D-FF0D54B9BCC0}.Debug|Any CPU.Build.0 = Debug|Any CPU
		{590D09C6-46FD-460B-AE5D-FF0D54B9BCC0}.Release|Any CPU.ActiveCfg = Release|Any CPU
		{590D09C6-46FD-460B-AE5D-FF0D54B9BCC0}.Release|Any CPU.Build.0 = Release|Any CPU
		{28F10BFC-F581-4A45-8796-8DCCC250E666}.Debug|Any CPU.ActiveCfg = Debug|Any CPU
		{28F10BFC-F581-4A45-8796-8DCCC250E666}.Debug|Any CPU.Build.0 = Debug|Any CPU
		{28F10BFC-F581-4A45-8796-8DCCC250E666}.Release|Any CPU.ActiveCfg = Release|Any CPU
		{28F10BFC-F581-4A45-8796-8DCCC250E666}.Release|Any CPU.Build.0 = Release|Any CPU
		{8CEC4A82-BF15-464F-BBEA-FA78D8A265F1}.Debug|Any CPU.ActiveCfg = Debug|Any CPU
		{8CEC4A82-BF15-464F-BBEA-FA78D8A265F1}.Debug|Any CPU.Build.0 = Debug|Any CPU
		{8CEC4A82-BF15-464F-BBEA-FA78D8A265F1}.Release|Any CPU.ActiveCfg = Release|Any CPU
		{8CEC4A82-BF15-464F-BBEA-FA78D8A265F1}.Release|Any CPU.Build.0 = Release|Any CPU
	EndGlobalSection
	GlobalSection(SolutionProperties) = preSolution
		HideSolutionNode = FALSE
	EndGlobalSection
	GlobalSection(ExtensibilityGlobals) = postSolution
		SolutionGuid = {4E4FB140-BE38-4D95-A1CC-723AD2B4B4A8}
	EndGlobalSection
EndGlobal
