
Microsoft Visual Studio Solution File, Format Version 12.00
# Visual Studio Version 17
VisualStudioVersion = 17.2.32630.192
MinimumVisualStudioVersion = 10.0.40219.1
Project("{9A19103F-16F7-4668-BE54-9A1E7A4F7556}") = "01.BasicStackOperations", "01.BasicStackOperations\01.BasicStackOperations.csproj", "{EAEC5BE5-2193-497F-B193-DC4698E78F16}"
EndProject
Project("{9A19103F-16F7-4668-BE54-9A1E7A4F7556}") = "02.BasicQueueOperations", "02.BasicQueueOperations\02.BasicQueueOperations.csproj", "{F3BA3213-9CB4-4981-B24C-6BDD6FA088B0}"
EndProject
Project("{9A19103F-16F7-4668-BE54-9A1E7A4F7556}") = "03.MaximumAndMinimumElement", "03.MaximumAndMinimumElement\03.MaximumAndMinimumElement.csproj", "{A542BF60-6BB1-4259-9C1E-B6BA3412F356}"
EndProject
Project("{9A19103F-16F7-4668-BE54-9A1E7A4F7556}") = "04.FastFood", "04.FastFood\04.FastFood.csproj", "{1C1D6997-B971-4909-962E-E046C9EEFFD1}"
EndProject
Project("{FAE04EC0-301F-11D3-BF4B-00C04F79EFBC}") = "05.FashionBoutique", "05.FashionBoutique\05.FashionBoutique.csproj", "{BE58D8F2-6200-4C9B-8330-627B20EBB07E}"
EndProject
Project("{FAE04EC0-301F-11D3-BF4B-00C04F79EFBC}") = "06.SongsQueue", "06.SongsQueue\06.SongsQueue.csproj", "{A2B442FD-56C4-453D-A723-FD4FA2B125A2}"
EndProject
Project("{FAE04EC0-301F-11D3-BF4B-00C04F79EFBC}") = "07.TruckTour", "07.TruckTour\07.TruckTour.csproj", "{C31A9A68-06ED-4A04-85C6-3C035743F6E3}"
EndProject
Project("{FAE04EC0-301F-11D3-BF4B-00C04F79EFBC}") = "08.BalancedParwntheses", "08.BalancedParwntheses\08.BalancedParwntheses.csproj", "{392ACF28-D359-4CA2-ACA1-E284C6EFDD29}"
EndProject
Project("{FAE04EC0-301F-11D3-BF4B-00C04F79EFBC}") = "09.SimpleTextEditor", "09.SimpleTextEditor\09.SimpleTextEditor.csproj", "{77223F92-4A37-4907-ABC3-18D7E25AB2EE}"
EndProject
Global
	GlobalSection(SolutionConfigurationPlatforms) = preSolution
		Debug|Any CPU = Debug|Any CPU
		Release|Any CPU = Release|Any CPU
	EndGlobalSection
	GlobalSection(ProjectConfigurationPlatforms) = postSolution
		{EAEC5BE5-2193-497F-B193-DC4698E78F16}.Debug|Any CPU.ActiveCfg = Debug|Any CPU
		{EAEC5BE5-2193-497F-B193-DC4698E78F16}.Debug|Any CPU.Build.0 = Debug|Any CPU
		{EAEC5BE5-2193-497F-B193-DC4698E78F16}.Release|Any CPU.ActiveCfg = Release|Any CPU
		{EAEC5BE5-2193-497F-B193-DC4698E78F16}.Release|Any CPU.Build.0 = Release|Any CPU
		{F3BA3213-9CB4-4981-B24C-6BDD6FA088B0}.Debug|Any CPU.ActiveCfg = Debug|Any CPU
		{F3BA3213-9CB4-4981-B24C-6BDD6FA088B0}.Debug|Any CPU.Build.0 = Debug|Any CPU
		{F3BA3213-9CB4-4981-B24C-6BDD6FA088B0}.Release|Any CPU.ActiveCfg = Release|Any CPU
		{F3BA3213-9CB4-4981-B24C-6BDD6FA088B0}.Release|Any CPU.Build.0 = Release|Any CPU
		{A542BF60-6BB1-4259-9C1E-B6BA3412F356}.Debug|Any CPU.ActiveCfg = Debug|Any CPU
		{A542BF60-6BB1-4259-9C1E-B6BA3412F356}.Debug|Any CPU.Build.0 = Debug|Any CPU
		{A542BF60-6BB1-4259-9C1E-B6BA3412F356}.Release|Any CPU.ActiveCfg = Release|Any CPU
		{A542BF60-6BB1-4259-9C1E-B6BA3412F356}.Release|Any CPU.Build.0 = Release|Any CPU
		{1C1D6997-B971-4909-962E-E046C9EEFFD1}.Debug|Any CPU.ActiveCfg = Debug|Any CPU
		{1C1D6997-B971-4909-962E-E046C9EEFFD1}.Debug|Any CPU.Build.0 = Debug|Any CPU
		{1C1D6997-B971-4909-962E-E046C9EEFFD1}.Release|Any CPU.ActiveCfg = Release|Any CPU
		{1C1D6997-B971-4909-962E-E046C9EEFFD1}.Release|Any CPU.Build.0 = Release|Any CPU
		{BE58D8F2-6200-4C9B-8330-627B20EBB07E}.Debug|Any CPU.ActiveCfg = Debug|Any CPU
		{BE58D8F2-6200-4C9B-8330-627B20EBB07E}.Debug|Any CPU.Build.0 = Debug|Any CPU
		{BE58D8F2-6200-4C9B-8330-627B20EBB07E}.Release|Any CPU.ActiveCfg = Release|Any CPU
		{BE58D8F2-6200-4C9B-8330-627B20EBB07E}.Release|Any CPU.Build.0 = Release|Any CPU
		{A2B442FD-56C4-453D-A723-FD4FA2B125A2}.Debug|Any CPU.ActiveCfg = Debug|Any CPU
		{A2B442FD-56C4-453D-A723-FD4FA2B125A2}.Debug|Any CPU.Build.0 = Debug|Any CPU
		{A2B442FD-56C4-453D-A723-FD4FA2B125A2}.Release|Any CPU.ActiveCfg = Release|Any CPU
		{A2B442FD-56C4-453D-A723-FD4FA2B125A2}.Release|Any CPU.Build.0 = Release|Any CPU
		{C31A9A68-06ED-4A04-85C6-3C035743F6E3}.Debug|Any CPU.ActiveCfg = Debug|Any CPU
		{C31A9A68-06ED-4A04-85C6-3C035743F6E3}.Debug|Any CPU.Build.0 = Debug|Any CPU
		{C31A9A68-06ED-4A04-85C6-3C035743F6E3}.Release|Any CPU.ActiveCfg = Release|Any CPU
		{C31A9A68-06ED-4A04-85C6-3C035743F6E3}.Release|Any CPU.Build.0 = Release|Any CPU
		{392ACF28-D359-4CA2-ACA1-E284C6EFDD29}.Debug|Any CPU.ActiveCfg = Debug|Any CPU
		{392ACF28-D359-4CA2-ACA1-E284C6EFDD29}.Debug|Any CPU.Build.0 = Debug|Any CPU
		{392ACF28-D359-4CA2-ACA1-E284C6EFDD29}.Release|Any CPU.ActiveCfg = Release|Any CPU
		{392ACF28-D359-4CA2-ACA1-E284C6EFDD29}.Release|Any CPU.Build.0 = Release|Any CPU
		{77223F92-4A37-4907-ABC3-18D7E25AB2EE}.Debug|Any CPU.ActiveCfg = Debug|Any CPU
		{77223F92-4A37-4907-ABC3-18D7E25AB2EE}.Debug|Any CPU.Build.0 = Debug|Any CPU
		{77223F92-4A37-4907-ABC3-18D7E25AB2EE}.Release|Any CPU.ActiveCfg = Release|Any CPU
		{77223F92-4A37-4907-ABC3-18D7E25AB2EE}.Release|Any CPU.Build.0 = Release|Any CPU
	EndGlobalSection
	GlobalSection(SolutionProperties) = preSolution
		HideSolutionNode = FALSE
	EndGlobalSection
	GlobalSection(ExtensibilityGlobals) = postSolution
		SolutionGuid = {2FDBBF2A-9DB7-4337-874D-3FAC2BB04CD6}
	EndGlobalSection
EndGlobal
