
Microsoft Visual Studio Solution File, Format Version 12.00
# Visual Studio Version 17
VisualStudioVersion = 17.3.32929.385
MinimumVisualStudioVersion = 10.0.40219.1
Project("{9A19103F-16F7-4668-BE54-9A1E7A4F7556}") = "01.SquareRoot", "01.SquareRoot\01.SquareRoot.csproj", "{8EDC2CC4-A678-4304-A3FB-1E89579FC6DB}"
EndProject
Project("{9A19103F-16F7-4668-BE54-9A1E7A4F7556}") = "02.EnterNumbers", "02.EnterNumbers\02.EnterNumbers.csproj", "{C1A0BAEA-728B-4C8E-BEC7-66B1366DA183}"
EndProject
Project("{9A19103F-16F7-4668-BE54-9A1E7A4F7556}") = "03.Cards", "03.Cards\03.Cards.csproj", "{6808593F-1223-49F7-83BA-B4273B564DC4}"
EndProject
Project("{FAE04EC0-301F-11D3-BF4B-00C04F79EFBC}") = "04.SumOfIntegers", "04.SumOfIntegers\04.SumOfIntegers.csproj", "{7B952604-24E8-48BF-A191-3EFBC81E5059}"
EndProject
Project("{FAE04EC0-301F-11D3-BF4B-00C04F79EFBC}") = "05.PlayCatch", "05.PlayCatch\05.PlayCatch.csproj", "{6E64E371-F221-4B6F-BC08-72F5E1F83DF0}"
EndProject
Project("{FAE04EC0-301F-11D3-BF4B-00C04F79EFBC}") = "06.MoneyTransactions", "06.MoneyTransactions\06.MoneyTransactions.csproj", "{E2747778-5FDB-43F2-A28A-92A8D9F59C2B}"
EndProject
Global
	GlobalSection(SolutionConfigurationPlatforms) = preSolution
		Debug|Any CPU = Debug|Any CPU
		Release|Any CPU = Release|Any CPU
	EndGlobalSection
	GlobalSection(ProjectConfigurationPlatforms) = postSolution
		{8EDC2CC4-A678-4304-A3FB-1E89579FC6DB}.Debug|Any CPU.ActiveCfg = Debug|Any CPU
		{8EDC2CC4-A678-4304-A3FB-1E89579FC6DB}.Debug|Any CPU.Build.0 = Debug|Any CPU
		{8EDC2CC4-A678-4304-A3FB-1E89579FC6DB}.Release|Any CPU.ActiveCfg = Release|Any CPU
		{8EDC2CC4-A678-4304-A3FB-1E89579FC6DB}.Release|Any CPU.Build.0 = Release|Any CPU
		{C1A0BAEA-728B-4C8E-BEC7-66B1366DA183}.Debug|Any CPU.ActiveCfg = Debug|Any CPU
		{C1A0BAEA-728B-4C8E-BEC7-66B1366DA183}.Debug|Any CPU.Build.0 = Debug|Any CPU
		{C1A0BAEA-728B-4C8E-BEC7-66B1366DA183}.Release|Any CPU.ActiveCfg = Release|Any CPU
		{C1A0BAEA-728B-4C8E-BEC7-66B1366DA183}.Release|Any CPU.Build.0 = Release|Any CPU
		{6808593F-1223-49F7-83BA-B4273B564DC4}.Debug|Any CPU.ActiveCfg = Debug|Any CPU
		{6808593F-1223-49F7-83BA-B4273B564DC4}.Debug|Any CPU.Build.0 = Debug|Any CPU
		{6808593F-1223-49F7-83BA-B4273B564DC4}.Release|Any CPU.ActiveCfg = Release|Any CPU
		{6808593F-1223-49F7-83BA-B4273B564DC4}.Release|Any CPU.Build.0 = Release|Any CPU
		{7B952604-24E8-48BF-A191-3EFBC81E5059}.Debug|Any CPU.ActiveCfg = Debug|Any CPU
		{7B952604-24E8-48BF-A191-3EFBC81E5059}.Debug|Any CPU.Build.0 = Debug|Any CPU
		{7B952604-24E8-48BF-A191-3EFBC81E5059}.Release|Any CPU.ActiveCfg = Release|Any CPU
		{7B952604-24E8-48BF-A191-3EFBC81E5059}.Release|Any CPU.Build.0 = Release|Any CPU
		{6E64E371-F221-4B6F-BC08-72F5E1F83DF0}.Debug|Any CPU.ActiveCfg = Debug|Any CPU
		{6E64E371-F221-4B6F-BC08-72F5E1F83DF0}.Debug|Any CPU.Build.0 = Debug|Any CPU
		{6E64E371-F221-4B6F-BC08-72F5E1F83DF0}.Release|Any CPU.ActiveCfg = Release|Any CPU
		{6E64E371-F221-4B6F-BC08-72F5E1F83DF0}.Release|Any CPU.Build.0 = Release|Any CPU
		{E2747778-5FDB-43F2-A28A-92A8D9F59C2B}.Debug|Any CPU.ActiveCfg = Debug|Any CPU
		{E2747778-5FDB-43F2-A28A-92A8D9F59C2B}.Debug|Any CPU.Build.0 = Debug|Any CPU
		{E2747778-5FDB-43F2-A28A-92A8D9F59C2B}.Release|Any CPU.ActiveCfg = Release|Any CPU
		{E2747778-5FDB-43F2-A28A-92A8D9F59C2B}.Release|Any CPU.Build.0 = Release|Any CPU
	EndGlobalSection
	GlobalSection(SolutionProperties) = preSolution
		HideSolutionNode = FALSE
	EndGlobalSection
	GlobalSection(ExtensibilityGlobals) = postSolution
		SolutionGuid = {F93943EA-7873-4569-AD57-9A7B34C3545A}
	EndGlobalSection
EndGlobal
