
Microsoft Visual Studio Solution File, Format Version 12.00
# Visual Studio Version 17
VisualStudioVersion = 17.2.32630.192
MinimumVisualStudioVersion = 10.0.40219.1
Project("{9A19103F-16F7-4668-BE54-9A1E7A4F7556}") = "01.Hangman", "01.Hangman\01.Hangman.csproj", "{C7E3CF1F-C14C-4001-A025-EC445941143C}"
EndProject
Project("{FAE04EC0-301F-11D3-BF4B-00C04F79EFBC}") = "02.GameOfWar", "02.GameOfWar\02.GameOfWar.csproj", "{14CF6194-42D2-49BA-82C5-136F814B79FF}"
EndProject
Global
	GlobalSection(SolutionConfigurationPlatforms) = preSolution
		Debug|Any CPU = Debug|Any CPU
		Release|Any CPU = Release|Any CPU
	EndGlobalSection
	GlobalSection(ProjectConfigurationPlatforms) = postSolution
		{C7E3CF1F-C14C-4001-A025-EC445941143C}.Debug|Any CPU.ActiveCfg = Debug|Any CPU
		{C7E3CF1F-C14C-4001-A025-EC445941143C}.Debug|Any CPU.Build.0 = Debug|Any CPU
		{C7E3CF1F-C14C-4001-A025-EC445941143C}.Release|Any CPU.ActiveCfg = Release|Any CPU
		{C7E3CF1F-C14C-4001-A025-EC445941143C}.Release|Any CPU.Build.0 = Release|Any CPU
		{14CF6194-42D2-49BA-82C5-136F814B79FF}.Debug|Any CPU.ActiveCfg = Debug|Any CPU
		{14CF6194-42D2-49BA-82C5-136F814B79FF}.Debug|Any CPU.Build.0 = Debug|Any CPU
		{14CF6194-42D2-49BA-82C5-136F814B79FF}.Release|Any CPU.ActiveCfg = Release|Any CPU
		{14CF6194-42D2-49BA-82C5-136F814B79FF}.Release|Any CPU.Build.0 = Release|Any CPU
	EndGlobalSection
	GlobalSection(SolutionProperties) = preSolution
		HideSolutionNode = FALSE
	EndGlobalSection
	GlobalSection(ExtensibilityGlobals) = postSolution
		SolutionGuid = {D15BB012-9874-4DA9-A7D7-2A90D707DFBA}
	EndGlobalSection
EndGlobal
