
Microsoft Visual Studio Solution File, Format Version 12.00
# Visual Studio Version 17
VisualStudioVersion = 17.2.32630.192
MinimumVisualStudioVersion = 10.0.40219.1
Project("{FAE04EC0-301F-11D3-BF4B-00C04F79EFBC}") = "01.WinningTicket", "01.WinningTicket\01.WinningTicket.csproj", "{2A57135E-87D1-47EA-8479-4C47A36D21EC}"
EndProject
Global
	GlobalSection(SolutionConfigurationPlatforms) = preSolution
		Debug|Any CPU = Debug|Any CPU
		Release|Any CPU = Release|Any CPU
	EndGlobalSection
	GlobalSection(ProjectConfigurationPlatforms) = postSolution
		{2A57135E-87D1-47EA-8479-4C47A36D21EC}.Debug|Any CPU.ActiveCfg = Debug|Any CPU
		{2A57135E-87D1-47EA-8479-4C47A36D21EC}.Debug|Any CPU.Build.0 = Debug|Any CPU
		{2A57135E-87D1-47EA-8479-4C47A36D21EC}.Release|Any CPU.ActiveCfg = Release|Any CPU
		{2A57135E-87D1-47EA-8479-4C47A36D21EC}.Release|Any CPU.Build.0 = Release|Any CPU
	EndGlobalSection
	GlobalSection(SolutionProperties) = preSolution
		HideSolutionNode = FALSE
	EndGlobalSection
	GlobalSection(ExtensibilityGlobals) = postSolution
		SolutionGuid = {56002026-D13E-4087-84AB-2EAEEE5CED16}
	EndGlobalSection
EndGlobal
