
Microsoft Visual Studio Solution File, Format Version 12.00
# Visual Studio Version 17
VisualStudioVersion = 17.4.33122.133
MinimumVisualStudioVersion = 10.0.40219.1
Project("{FAE04EC0-301F-11D3-BF4B-00C04F79EFBC}") = "01.CreateSimplePages", "..\01.CreateSimplePages\01.CreateSimplePages.csproj", "{704FD7AB-6C50-48FA-B733-A51C1DCF54D0}"
EndProject
Global
	GlobalSection(SolutionConfigurationPlatforms) = preSolution
		Debug|Any CPU = Debug|Any CPU
		Release|Any CPU = Release|Any CPU
	EndGlobalSection
	GlobalSection(ProjectConfigurationPlatforms) = postSolution
		{704FD7AB-6C50-48FA-B733-A51C1DCF54D0}.Debug|Any CPU.ActiveCfg = Debug|Any CPU
		{704FD7AB-6C50-48FA-B733-A51C1DCF54D0}.Debug|Any CPU.Build.0 = Debug|Any CPU
		{704FD7AB-6C50-48FA-B733-A51C1DCF54D0}.Release|Any CPU.ActiveCfg = Release|Any CPU
		{704FD7AB-6C50-48FA-B733-A51C1DCF54D0}.Release|Any CPU.Build.0 = Release|Any CPU
	EndGlobalSection
	GlobalSection(SolutionProperties) = preSolution
		HideSolutionNode = FALSE
	EndGlobalSection
	GlobalSection(ExtensibilityGlobals) = postSolution
		SolutionGuid = {50932C97-D3D2-4BC6-AFF5-119202C1D7F5}
	EndGlobalSection
EndGlobal
