
Microsoft Visual Studio Solution File, Format Version 12.00
# Visual Studio Version 17
VisualStudioVersion = 17.2.32630.192
MinimumVisualStudioVersion = 10.0.40219.1
Project("{FAE04EC0-301F-11D3-BF4B-00C04F79EFBC}") = "01.CountSameValuesInArray", "01.CountSameValuesInArray\01.CountSameValuesInArray.csproj", "{63000B7E-9E66-4AC4-8BF1-1026FD74421B}"
EndProject
Project("{FAE04EC0-301F-11D3-BF4B-00C04F79EFBC}") = "02.AverageStudentGrades", "02.AverageStudentGrades\02.AverageStudentGrades.csproj", "{C5D77D65-AC69-4E60-82B0-BD7070B93C7B}"
EndProject
Global
	GlobalSection(SolutionConfigurationPlatforms) = preSolution
		Debug|Any CPU = Debug|Any CPU
		Release|Any CPU = Release|Any CPU
	EndGlobalSection
	GlobalSection(ProjectConfigurationPlatforms) = postSolution
		{63000B7E-9E66-4AC4-8BF1-1026FD74421B}.Debug|Any CPU.ActiveCfg = Debug|Any CPU
		{63000B7E-9E66-4AC4-8BF1-1026FD74421B}.Debug|Any CPU.Build.0 = Debug|Any CPU
		{63000B7E-9E66-4AC4-8BF1-1026FD74421B}.Release|Any CPU.ActiveCfg = Release|Any CPU
		{63000B7E-9E66-4AC4-8BF1-1026FD74421B}.Release|Any CPU.Build.0 = Release|Any CPU
		{C5D77D65-AC69-4E60-82B0-BD7070B93C7B}.Debug|Any CPU.ActiveCfg = Debug|Any CPU
		{C5D77D65-AC69-4E60-82B0-BD7070B93C7B}.Debug|Any CPU.Build.0 = Debug|Any CPU
		{C5D77D65-AC69-4E60-82B0-BD7070B93C7B}.Release|Any CPU.ActiveCfg = Release|Any CPU
		{C5D77D65-AC69-4E60-82B0-BD7070B93C7B}.Release|Any CPU.Build.0 = Release|Any CPU
	EndGlobalSection
	GlobalSection(SolutionProperties) = preSolution
		HideSolutionNode = FALSE
	EndGlobalSection
	GlobalSection(ExtensibilityGlobals) = postSolution
		SolutionGuid = {5EAE1B3B-622C-4A21-8502-F1BDEEDF4F59}
	EndGlobalSection
EndGlobal
