
Microsoft Visual Studio Solution File, Format Version 12.00
# Visual Studio Version 17
VisualStudioVersion = 17.3.32929.385
MinimumVisualStudioVersion = 10.0.40219.1
Project("{FAE04EC0-301F-11D3-BF4B-00C04F79EFBC}") = "01.StreamProgressInfo", "01.StreamProgressInfo\01.StreamProgressInfo.csproj", "{30694475-F4DE-4A7F-A3B5-9DB3D92959BB}"
EndProject
Project("{FAE04EC0-301F-11D3-BF4B-00C04F79EFBC}") = "02.GraphicEditor", "02.GraphicEditor\02.GraphicEditor.csproj", "{8B04C7E1-B6E7-473C-B6FB-F0FA464E8A50}"
EndProject
Project("{FAE04EC0-301F-11D3-BF4B-00C04F79EFBC}") = "03.DetailPrinter", "03.DetailPrinter\03.DetailPrinter.csproj", "{4696E138-3A30-489B-82B4-4225CE4C181A}"
EndProject
Project("{FAE04EC0-301F-11D3-BF4B-00C04F79EFBC}") = "04.Recharge", "04.Recharge\04.Recharge.csproj", "{308F6FF1-1967-48FC-A782-98039DF239C9}"
EndProject
Global
	GlobalSection(SolutionConfigurationPlatforms) = preSolution
		Debug|Any CPU = Debug|Any CPU
		Release|Any CPU = Release|Any CPU
	EndGlobalSection
	GlobalSection(ProjectConfigurationPlatforms) = postSolution
		{30694475-F4DE-4A7F-A3B5-9DB3D92959BB}.Debug|Any CPU.ActiveCfg = Debug|Any CPU
		{30694475-F4DE-4A7F-A3B5-9DB3D92959BB}.Debug|Any CPU.Build.0 = Debug|Any CPU
		{30694475-F4DE-4A7F-A3B5-9DB3D92959BB}.Release|Any CPU.ActiveCfg = Release|Any CPU
		{30694475-F4DE-4A7F-A3B5-9DB3D92959BB}.Release|Any CPU.Build.0 = Release|Any CPU
		{8B04C7E1-B6E7-473C-B6FB-F0FA464E8A50}.Debug|Any CPU.ActiveCfg = Debug|Any CPU
		{8B04C7E1-B6E7-473C-B6FB-F0FA464E8A50}.Debug|Any CPU.Build.0 = Debug|Any CPU
		{8B04C7E1-B6E7-473C-B6FB-F0FA464E8A50}.Release|Any CPU.ActiveCfg = Release|Any CPU
		{8B04C7E1-B6E7-473C-B6FB-F0FA464E8A50}.Release|Any CPU.Build.0 = Release|Any CPU
		{4696E138-3A30-489B-82B4-4225CE4C181A}.Debug|Any CPU.ActiveCfg = Debug|Any CPU
		{4696E138-3A30-489B-82B4-4225CE4C181A}.Debug|Any CPU.Build.0 = Debug|Any CPU
		{4696E138-3A30-489B-82B4-4225CE4C181A}.Release|Any CPU.ActiveCfg = Release|Any CPU
		{4696E138-3A30-489B-82B4-4225CE4C181A}.Release|Any CPU.Build.0 = Release|Any CPU
		{308F6FF1-1967-48FC-A782-98039DF239C9}.Debug|Any CPU.ActiveCfg = Debug|Any CPU
		{308F6FF1-1967-48FC-A782-98039DF239C9}.Debug|Any CPU.Build.0 = Debug|Any CPU
		{308F6FF1-1967-48FC-A782-98039DF239C9}.Release|Any CPU.ActiveCfg = Release|Any CPU
		{308F6FF1-1967-48FC-A782-98039DF239C9}.Release|Any CPU.Build.0 = Release|Any CPU
	EndGlobalSection
	GlobalSection(SolutionProperties) = preSolution
		HideSolutionNode = FALSE
	EndGlobalSection
	GlobalSection(ExtensibilityGlobals) = postSolution
		SolutionGuid = {C0989A7D-BC77-4AC5-AB90-FF6CC7E0E272}
	EndGlobalSection
EndGlobal
