
Microsoft Visual Studio Solution File, Format Version 12.00
# Visual Studio Version 16
VisualStudioVersion = 16.0.32510.428
MinimumVisualStudioVersion = 10.0.40219.1
Project("{9A19103F-16F7-4668-BE54-9A1E7A4F7556}") = "01.CompanyRoster", "01.CompanyRoster\01.CompanyRoster.csproj", "{AB6671B2-EBFB-4D2C-B1FB-384D30ED0A60}"
EndProject
Project("{9A19103F-16F7-4668-BE54-9A1E7A4F7556}") = "02.OldestFamilyMember", "02.OldestFamilyMember\02.OldestFamilyMember.csproj", "{AF2ACD96-C6B2-4E3B-A785-D6F792BF1C63}"
EndProject
Project("{9A19103F-16F7-4668-BE54-9A1E7A4F7556}") = "03.SpeedRacing", "03.SpeedRacing\03.SpeedRacing.csproj", "{A3093418-C2D5-4536-B1A6-179B4B92F346}"
EndProject
Project("{9A19103F-16F7-4668-BE54-9A1E7A4F7556}") = "04.RawData", "04.RawData\04.RawData.csproj", "{FEF6FD8B-192C-4634-87AD-8E506CD63949}"
EndProject
Project("{FAE04EC0-301F-11D3-BF4B-00C04F79EFBC}") = "05.ShoppingSpree", "05.ShoppingSpree\05.ShoppingSpree.csproj", "{2205F3B5-BD1B-414E-B605-BA89C39BF22C}"
EndProject
Global
	GlobalSection(SolutionConfigurationPlatforms) = preSolution
		Debug|Any CPU = Debug|Any CPU
		Release|Any CPU = Release|Any CPU
	EndGlobalSection
	GlobalSection(ProjectConfigurationPlatforms) = postSolution
		{AB6671B2-EBFB-4D2C-B1FB-384D30ED0A60}.Debug|Any CPU.ActiveCfg = Debug|Any CPU
		{AB6671B2-EBFB-4D2C-B1FB-384D30ED0A60}.Debug|Any CPU.Build.0 = Debug|Any CPU
		{AB6671B2-EBFB-4D2C-B1FB-384D30ED0A60}.Release|Any CPU.ActiveCfg = Release|Any CPU
		{AB6671B2-EBFB-4D2C-B1FB-384D30ED0A60}.Release|Any CPU.Build.0 = Release|Any CPU
		{AF2ACD96-C6B2-4E3B-A785-D6F792BF1C63}.Debug|Any CPU.ActiveCfg = Debug|Any CPU
		{AF2ACD96-C6B2-4E3B-A785-D6F792BF1C63}.Debug|Any CPU.Build.0 = Debug|Any CPU
		{AF2ACD96-C6B2-4E3B-A785-D6F792BF1C63}.Release|Any CPU.ActiveCfg = Release|Any CPU
		{AF2ACD96-C6B2-4E3B-A785-D6F792BF1C63}.Release|Any CPU.Build.0 = Release|Any CPU
		{A3093418-C2D5-4536-B1A6-179B4B92F346}.Debug|Any CPU.ActiveCfg = Debug|Any CPU
		{A3093418-C2D5-4536-B1A6-179B4B92F346}.Debug|Any CPU.Build.0 = Debug|Any CPU
		{A3093418-C2D5-4536-B1A6-179B4B92F346}.Release|Any CPU.ActiveCfg = Release|Any CPU
		{A3093418-C2D5-4536-B1A6-179B4B92F346}.Release|Any CPU.Build.0 = Release|Any CPU
		{FEF6FD8B-192C-4634-87AD-8E506CD63949}.Debug|Any CPU.ActiveCfg = Debug|Any CPU
		{FEF6FD8B-192C-4634-87AD-8E506CD63949}.Debug|Any CPU.Build.0 = Debug|Any CPU
		{FEF6FD8B-192C-4634-87AD-8E506CD63949}.Release|Any CPU.ActiveCfg = Release|Any CPU
		{FEF6FD8B-192C-4634-87AD-8E506CD63949}.Release|Any CPU.Build.0 = Release|Any CPU
		{2205F3B5-BD1B-414E-B605-BA89C39BF22C}.Debug|Any CPU.ActiveCfg = Debug|Any CPU
		{2205F3B5-BD1B-414E-B605-BA89C39BF22C}.Debug|Any CPU.Build.0 = Debug|Any CPU
		{2205F3B5-BD1B-414E-B605-BA89C39BF22C}.Release|Any CPU.ActiveCfg = Release|Any CPU
		{2205F3B5-BD1B-414E-B605-BA89C39BF22C}.Release|Any CPU.Build.0 = Release|Any CPU
	EndGlobalSection
	GlobalSection(SolutionProperties) = preSolution
		HideSolutionNode = FALSE
	EndGlobalSection
	GlobalSection(ExtensibilityGlobals) = postSolution
		SolutionGuid = {7CD89F06-6D2B-49A2-86EE-290D943CA919}
	EndGlobalSection
EndGlobal
