
Microsoft Visual Studio Solution File, Format Version 12.00
# Visual Studio Version 17
VisualStudioVersion = 17.4.33122.133
MinimumVisualStudioVersion = 10.0.40219.1
Project("{9A19103F-16F7-4668-BE54-9A1E7A4F7556}") = "NavalVessels", "NavalVessels-Skeleton\NavalVessels\NavalVessels.csproj", "{3C76891E-94A2-481E-A913-6F92E5467394}"
EndProject
Project("{9A19103F-16F7-4668-BE54-9A1E7A4F7556}") = "Book", "BookSkeleton\Book\Book.csproj", "{41E7461A-4151-4105-A937-B96E408D21E8}"
EndProject
Project("{9A19103F-16F7-4668-BE54-9A1E7A4F7556}") = "Book.Tests", "BookSkeleton\Book.Tests\Book.Tests.csproj", "{EF3BB4F4-72CE-4AC1-A198-6827EBBF92B2}"
EndProject
Global
	GlobalSection(SolutionConfigurationPlatforms) = preSolution
		Debug|Any CPU = Debug|Any CPU
		Release|Any CPU = Release|Any CPU
	EndGlobalSection
	GlobalSection(ProjectConfigurationPlatforms) = postSolution
		{3C76891E-94A2-481E-A913-6F92E5467394}.Debug|Any CPU.ActiveCfg = Debug|Any CPU
		{3C76891E-94A2-481E-A913-6F92E5467394}.Debug|Any CPU.Build.0 = Debug|Any CPU
		{3C76891E-94A2-481E-A913-6F92E5467394}.Release|Any CPU.ActiveCfg = Release|Any CPU
		{3C76891E-94A2-481E-A913-6F92E5467394}.Release|Any CPU.Build.0 = Release|Any CPU
		{41E7461A-4151-4105-A937-B96E408D21E8}.Debug|Any CPU.ActiveCfg = Debug|Any CPU
		{41E7461A-4151-4105-A937-B96E408D21E8}.Debug|Any CPU.Build.0 = Debug|Any CPU
		{41E7461A-4151-4105-A937-B96E408D21E8}.Release|Any CPU.ActiveCfg = Release|Any CPU
		{41E7461A-4151-4105-A937-B96E408D21E8}.Release|Any CPU.Build.0 = Release|Any CPU
		{EF3BB4F4-72CE-4AC1-A198-6827EBBF92B2}.Debug|Any CPU.ActiveCfg = Debug|Any CPU
		{EF3BB4F4-72CE-4AC1-A198-6827EBBF92B2}.Debug|Any CPU.Build.0 = Debug|Any CPU
		{EF3BB4F4-72CE-4AC1-A198-6827EBBF92B2}.Release|Any CPU.ActiveCfg = Release|Any CPU
		{EF3BB4F4-72CE-4AC1-A198-6827EBBF92B2}.Release|Any CPU.Build.0 = Release|Any CPU
	EndGlobalSection
	GlobalSection(SolutionProperties) = preSolution
		HideSolutionNode = FALSE
	EndGlobalSection
	GlobalSection(ExtensibilityGlobals) = postSolution
		SolutionGuid = {C48183FE-D1CB-4A47-881A-9BE3170E0703}
	EndGlobalSection
EndGlobal
