
Microsoft Visual Studio Solution File, Format Version 12.00
# Visual Studio Version 17
VisualStudioVersion = 17.2.32630.192
MinimumVisualStudioVersion = 10.0.40219.1
Project("{FAE04EC0-301F-11D3-BF4B-00C04F79EFBC}") = "03.Zoo", "03.Zoo\03.Zoo.csproj", "{8BFD5ACB-085F-425D-9C4D-24BD4D4CA62B}"
EndProject
Project("{FAE04EC0-301F-11D3-BF4B-00C04F79EFBC}") = "01.MealPlan", "01.MealPlan\01.MealPlan.csproj", "{F1D6FAFC-20D7-40A4-9DBC-F6D46D4EE05D}"
EndProject
Global
	GlobalSection(SolutionConfigurationPlatforms) = preSolution
		Debug|Any CPU = Debug|Any CPU
		Release|Any CPU = Release|Any CPU
	EndGlobalSection
	GlobalSection(ProjectConfigurationPlatforms) = postSolution
		{8BFD5ACB-085F-425D-9C4D-24BD4D4CA62B}.Debug|Any CPU.ActiveCfg = Debug|Any CPU
		{8BFD5ACB-085F-425D-9C4D-24BD4D4CA62B}.Debug|Any CPU.Build.0 = Debug|Any CPU
		{8BFD5ACB-085F-425D-9C4D-24BD4D4CA62B}.Release|Any CPU.ActiveCfg = Release|Any CPU
		{8BFD5ACB-085F-425D-9C4D-24BD4D4CA62B}.Release|Any CPU.Build.0 = Release|Any CPU
		{F1D6FAFC-20D7-40A4-9DBC-F6D46D4EE05D}.Debug|Any CPU.ActiveCfg = Debug|Any CPU
		{F1D6FAFC-20D7-40A4-9DBC-F6D46D4EE05D}.Debug|Any CPU.Build.0 = Debug|Any CPU
		{F1D6FAFC-20D7-40A4-9DBC-F6D46D4EE05D}.Release|Any CPU.ActiveCfg = Release|Any CPU
		{F1D6FAFC-20D7-40A4-9DBC-F6D46D4EE05D}.Release|Any CPU.Build.0 = Release|Any CPU
	EndGlobalSection
	GlobalSection(SolutionProperties) = preSolution
		HideSolutionNode = FALSE
	EndGlobalSection
	GlobalSection(ExtensibilityGlobals) = postSolution
		SolutionGuid = {00E6A1DF-8F0C-4C7C-AFAE-7E4AD975441C}
	EndGlobalSection
EndGlobal
