
Microsoft Visual Studio Solution File, Format Version 12.00
# Visual Studio Version 17
VisualStudioVersion = 17.2.32630.192
MinimumVisualStudioVersion = 10.0.40219.1
Project("{FAE04EC0-301F-11D3-BF4B-00C04F79EFBC}") = "01.RecursiveArraySum", "01.RecursiveArraySum\01.RecursiveArraySum.csproj", "{CEDB9A39-1CC9-4A2C-AE98-FD8978D2B81A}"
EndProject
Global
	GlobalSection(SolutionConfigurationPlatforms) = preSolution
		Debug|Any CPU = Debug|Any CPU
		Release|Any CPU = Release|Any CPU
	EndGlobalSection
	GlobalSection(ProjectConfigurationPlatforms) = postSolution
		{CEDB9A39-1CC9-4A2C-AE98-FD8978D2B81A}.Debug|Any CPU.ActiveCfg = Debug|Any CPU
		{CEDB9A39-1CC9-4A2C-AE98-FD8978D2B81A}.Debug|Any CPU.Build.0 = Debug|Any CPU
		{CEDB9A39-1CC9-4A2C-AE98-FD8978D2B81A}.Release|Any CPU.ActiveCfg = Release|Any CPU
		{CEDB9A39-1CC9-4A2C-AE98-FD8978D2B81A}.Release|Any CPU.Build.0 = Release|Any CPU
	EndGlobalSection
	GlobalSection(SolutionProperties) = preSolution
		HideSolutionNode = FALSE
	EndGlobalSection
	GlobalSection(ExtensibilityGlobals) = postSolution
		SolutionGuid = {C1BCA1D7-A7B6-4F4D-A748-3675D3975E60}
	EndGlobalSection
EndGlobal
