
Microsoft Visual Studio Solution File, Format Version 12.00
# Visual Studio Version 17
VisualStudioVersion = 17.2.32630.192
MinimumVisualStudioVersion = 10.0.40219.1
Project("{FAE04EC0-301F-11D3-BF4B-00C04F79EFBC}") = "IteratorsAndComparators", "01.Library\IteratorsAndComparators.csproj", "{8E90CBCA-14AF-490A-8EC9-B16EB37586D7}"
EndProject
Project("{FAE04EC0-301F-11D3-BF4B-00C04F79EFBC}") = "02.LibraryIterator", "02.LibraryIterator\02.LibraryIterator.csproj", "{57C47CD6-ED5A-441E-8B73-AC6D11A12295}"
EndProject
Project("{FAE04EC0-301F-11D3-BF4B-00C04F79EFBC}") = "03.ComparableBook", "03.ComparableBook\03.ComparableBook.csproj", "{9DE9A78C-7BAC-4F3D-88D9-A96ADB37578F}"
EndProject
Project("{FAE04EC0-301F-11D3-BF4B-00C04F79EFBC}") = "04.BookComparator", "04.BookComparator\04.BookComparator.csproj", "{EF7D8154-48DA-4653-8195-F10289E957E7}"
EndProject
Global
	GlobalSection(SolutionConfigurationPlatforms) = preSolution
		Debug|Any CPU = Debug|Any CPU
		Release|Any CPU = Release|Any CPU
	EndGlobalSection
	GlobalSection(ProjectConfigurationPlatforms) = postSolution
		{8E90CBCA-14AF-490A-8EC9-B16EB37586D7}.Debug|Any CPU.ActiveCfg = Debug|Any CPU
		{8E90CBCA-14AF-490A-8EC9-B16EB37586D7}.Debug|Any CPU.Build.0 = Debug|Any CPU
		{8E90CBCA-14AF-490A-8EC9-B16EB37586D7}.Release|Any CPU.ActiveCfg = Release|Any CPU
		{8E90CBCA-14AF-490A-8EC9-B16EB37586D7}.Release|Any CPU.Build.0 = Release|Any CPU
		{57C47CD6-ED5A-441E-8B73-AC6D11A12295}.Debug|Any CPU.ActiveCfg = Debug|Any CPU
		{57C47CD6-ED5A-441E-8B73-AC6D11A12295}.Debug|Any CPU.Build.0 = Debug|Any CPU
		{57C47CD6-ED5A-441E-8B73-AC6D11A12295}.Release|Any CPU.ActiveCfg = Release|Any CPU
		{57C47CD6-ED5A-441E-8B73-AC6D11A12295}.Release|Any CPU.Build.0 = Release|Any CPU
		{9DE9A78C-7BAC-4F3D-88D9-A96ADB37578F}.Debug|Any CPU.ActiveCfg = Debug|Any CPU
		{9DE9A78C-7BAC-4F3D-88D9-A96ADB37578F}.Debug|Any CPU.Build.0 = Debug|Any CPU
		{9DE9A78C-7BAC-4F3D-88D9-A96ADB37578F}.Release|Any CPU.ActiveCfg = Release|Any CPU
		{9DE9A78C-7BAC-4F3D-88D9-A96ADB37578F}.Release|Any CPU.Build.0 = Release|Any CPU
		{EF7D8154-48DA-4653-8195-F10289E957E7}.Debug|Any CPU.ActiveCfg = Debug|Any CPU
		{EF7D8154-48DA-4653-8195-F10289E957E7}.Debug|Any CPU.Build.0 = Debug|Any CPU
		{EF7D8154-48DA-4653-8195-F10289E957E7}.Release|Any CPU.ActiveCfg = Release|Any CPU
		{EF7D8154-48DA-4653-8195-F10289E957E7}.Release|Any CPU.Build.0 = Release|Any CPU
	EndGlobalSection
	GlobalSection(SolutionProperties) = preSolution
		HideSolutionNode = FALSE
	EndGlobalSection
	GlobalSection(ExtensibilityGlobals) = postSolution
		SolutionGuid = {83D18A34-8F4B-4ED0-8CE6-BFF3DC387A9C}
	EndGlobalSection
EndGlobal
