
Microsoft Visual Studio Solution File, Format Version 12.00
# Visual Studio Version 16
VisualStudioVersion = 16.0.32510.428
MinimumVisualStudioVersion = 10.0.40219.1
Project("{9A19103F-16F7-4668-BE54-9A1E7A4F7556}") = "01.BurgerBus", "01.BurgerBus\01.BurgerBus.csproj", "{D29F2D67-96D1-4798-BA41-B6852CEF0731}"
EndProject
Project("{9A19103F-16F7-4668-BE54-9A1E7A4F7556}") = "02.TaxCalculator", "02.TaxCalculator\02.TaxCalculator.csproj", "{F5B85149-918C-4B42-8EED-479F71CB0FA7}"
EndProject
Project("{9A19103F-16F7-4668-BE54-9A1E7A4F7556}") = "03.SchoolLibrary", "03.SchoolLibrary\03.SchoolLibrary.csproj", "{EBA8799B-38C4-4EBB-B3E7-DEFD85005762}"
EndProject
Global
	GlobalSection(SolutionConfigurationPlatforms) = preSolution
		Debug|Any CPU = Debug|Any CPU
		Release|Any CPU = Release|Any CPU
	EndGlobalSection
	GlobalSection(ProjectConfigurationPlatforms) = postSolution
		{D29F2D67-96D1-4798-BA41-B6852CEF0731}.Debug|Any CPU.ActiveCfg = Debug|Any CPU
		{D29F2D67-96D1-4798-BA41-B6852CEF0731}.Debug|Any CPU.Build.0 = Debug|Any CPU
		{D29F2D67-96D1-4798-BA41-B6852CEF0731}.Release|Any CPU.ActiveCfg = Release|Any CPU
		{D29F2D67-96D1-4798-BA41-B6852CEF0731}.Release|Any CPU.Build.0 = Release|Any CPU
		{F5B85149-918C-4B42-8EED-479F71CB0FA7}.Debug|Any CPU.ActiveCfg = Debug|Any CPU
		{F5B85149-918C-4B42-8EED-479F71CB0FA7}.Debug|Any CPU.Build.0 = Debug|Any CPU
		{F5B85149-918C-4B42-8EED-479F71CB0FA7}.Release|Any CPU.ActiveCfg = Release|Any CPU
		{F5B85149-918C-4B42-8EED-479F71CB0FA7}.Release|Any CPU.Build.0 = Release|Any CPU
		{EBA8799B-38C4-4EBB-B3E7-DEFD85005762}.Debug|Any CPU.ActiveCfg = Debug|Any CPU
		{EBA8799B-38C4-4EBB-B3E7-DEFD85005762}.Debug|Any CPU.Build.0 = Debug|Any CPU
		{EBA8799B-38C4-4EBB-B3E7-DEFD85005762}.Release|Any CPU.ActiveCfg = Release|Any CPU
		{EBA8799B-38C4-4EBB-B3E7-DEFD85005762}.Release|Any CPU.Build.0 = Release|Any CPU
	EndGlobalSection
	GlobalSection(SolutionProperties) = preSolution
		HideSolutionNode = FALSE
	EndGlobalSection
	GlobalSection(ExtensibilityGlobals) = postSolution
		SolutionGuid = {F58A336F-860A-498C-A3E4-39B39828D5CE}
	EndGlobalSection
EndGlobal
