
Microsoft Visual Studio Solution File, Format Version 12.00
# Visual Studio Version 17
VisualStudioVersion = 17.3.32929.385
MinimumVisualStudioVersion = 10.0.40219.1
Project("{FAE04EC0-301F-11D3-BF4B-00C04F79EFBC}") = "01.Singleton", "01.Singleton\01.Singleton.csproj", "{D25FF249-97D9-4F62-B365-DFCCBD962806}"
EndProject
Project("{FAE04EC0-301F-11D3-BF4B-00C04F79EFBC}") = "02.Facade", "02.Facade\02.Facade.csproj", "{2A2DA362-BCDC-4EF0-BF02-017EEEA7E203}"
EndProject
Project("{FAE04EC0-301F-11D3-BF4B-00C04F79EFBC}") = "03.CommandPattern", "03.CommandPattern\03.CommandPattern.csproj", "{45E1C4BB-9B55-4FCD-89A7-4C094D962787}"
EndProject
Global
	GlobalSection(SolutionConfigurationPlatforms) = preSolution
		Debug|Any CPU = Debug|Any CPU
		Release|Any CPU = Release|Any CPU
	EndGlobalSection
	GlobalSection(ProjectConfigurationPlatforms) = postSolution
		{D25FF249-97D9-4F62-B365-DFCCBD962806}.Debug|Any CPU.ActiveCfg = Debug|Any CPU
		{D25FF249-97D9-4F62-B365-DFCCBD962806}.Debug|Any CPU.Build.0 = Debug|Any CPU
		{D25FF249-97D9-4F62-B365-DFCCBD962806}.Release|Any CPU.ActiveCfg = Release|Any CPU
		{D25FF249-97D9-4F62-B365-DFCCBD962806}.Release|Any CPU.Build.0 = Release|Any CPU
		{2A2DA362-BCDC-4EF0-BF02-017EEEA7E203}.Debug|Any CPU.ActiveCfg = Debug|Any CPU
		{2A2DA362-BCDC-4EF0-BF02-017EEEA7E203}.Debug|Any CPU.Build.0 = Debug|Any CPU
		{2A2DA362-BCDC-4EF0-BF02-017EEEA7E203}.Release|Any CPU.ActiveCfg = Release|Any CPU
		{2A2DA362-BCDC-4EF0-BF02-017EEEA7E203}.Release|Any CPU.Build.0 = Release|Any CPU
		{45E1C4BB-9B55-4FCD-89A7-4C094D962787}.Debug|Any CPU.ActiveCfg = Debug|Any CPU
		{45E1C4BB-9B55-4FCD-89A7-4C094D962787}.Debug|Any CPU.Build.0 = Debug|Any CPU
		{45E1C4BB-9B55-4FCD-89A7-4C094D962787}.Release|Any CPU.ActiveCfg = Release|Any CPU
		{45E1C4BB-9B55-4FCD-89A7-4C094D962787}.Release|Any CPU.Build.0 = Release|Any CPU
	EndGlobalSection
	GlobalSection(SolutionProperties) = preSolution
		HideSolutionNode = FALSE
	EndGlobalSection
	GlobalSection(ExtensibilityGlobals) = postSolution
		SolutionGuid = {CAE79BE0-5608-4915-805E-6E8A17522C15}
	EndGlobalSection
EndGlobal
