
Microsoft Visual Studio Solution File, Format Version 12.00
# Visual Studio Version 17
VisualStudioVersion = 17.2.32630.192
MinimumVisualStudioVersion = 10.0.40219.1
Project("{9A19103F-16F7-4668-BE54-9A1E7A4F7556}") = "01.BaristaContest", "01.BaristaContest\01.BaristaContest.csproj", "{267D9157-5404-4795-B494-A1E370BE0507}"
EndProject
Project("{9A19103F-16F7-4668-BE54-9A1E7A4F7556}") = "02.HelpAMole", "02.HelpAMole\02.HelpAMole.csproj", "{B0B5CEEE-D2AD-4656-B3F2-D3C57CFA7BF1}"
EndProject
Project("{FAE04EC0-301F-11D3-BF4B-00C04F79EFBC}") = "03.Basketball", "03.BasketballPlayers\03.Basketball.csproj", "{83C381C5-8A70-4B7F-BB63-6435C2233F96}"
EndProject
Global
	GlobalSection(SolutionConfigurationPlatforms) = preSolution
		Debug|Any CPU = Debug|Any CPU
		Release|Any CPU = Release|Any CPU
	EndGlobalSection
	GlobalSection(ProjectConfigurationPlatforms) = postSolution
		{267D9157-5404-4795-B494-A1E370BE0507}.Debug|Any CPU.ActiveCfg = Debug|Any CPU
		{267D9157-5404-4795-B494-A1E370BE0507}.Debug|Any CPU.Build.0 = Debug|Any CPU
		{267D9157-5404-4795-B494-A1E370BE0507}.Release|Any CPU.ActiveCfg = Release|Any CPU
		{267D9157-5404-4795-B494-A1E370BE0507}.Release|Any CPU.Build.0 = Release|Any CPU
		{B0B5CEEE-D2AD-4656-B3F2-D3C57CFA7BF1}.Debug|Any CPU.ActiveCfg = Debug|Any CPU
		{B0B5CEEE-D2AD-4656-B3F2-D3C57CFA7BF1}.Debug|Any CPU.Build.0 = Debug|Any CPU
		{B0B5CEEE-D2AD-4656-B3F2-D3C57CFA7BF1}.Release|Any CPU.ActiveCfg = Release|Any CPU
		{B0B5CEEE-D2AD-4656-B3F2-D3C57CFA7BF1}.Release|Any CPU.Build.0 = Release|Any CPU
		{83C381C5-8A70-4B7F-BB63-6435C2233F96}.Debug|Any CPU.ActiveCfg = Debug|Any CPU
		{83C381C5-8A70-4B7F-BB63-6435C2233F96}.Debug|Any CPU.Build.0 = Debug|Any CPU
		{83C381C5-8A70-4B7F-BB63-6435C2233F96}.Release|Any CPU.ActiveCfg = Release|Any CPU
		{83C381C5-8A70-4B7F-BB63-6435C2233F96}.Release|Any CPU.Build.0 = Release|Any CPU
	EndGlobalSection
	GlobalSection(SolutionProperties) = preSolution
		HideSolutionNode = FALSE
	EndGlobalSection
	GlobalSection(ExtensibilityGlobals) = postSolution
		SolutionGuid = {109BE2A3-715D-4C60-8D71-F8DEC3464555}
	EndGlobalSection
EndGlobal
