
Microsoft Visual Studio Solution File, Format Version 12.00
# Visual Studio Version 17
VisualStudioVersion = 17.2.32630.192
MinimumVisualStudioVersion = 10.0.40219.1
Project("{FAE04EC0-301F-11D3-BF4B-00C04F79EFBC}") = "CustomDoublyLinkedList", "VustomDoublyLinkedList\CustomDoublyLinkedList.csproj", "{D679010F-C1D4-4CC3-90DE-CB6D2316DA52}"
EndProject
Global
	GlobalSection(SolutionConfigurationPlatforms) = preSolution
		Debug|Any CPU = Debug|Any CPU
		Release|Any CPU = Release|Any CPU
	EndGlobalSection
	GlobalSection(ProjectConfigurationPlatforms) = postSolution
		{D679010F-C1D4-4CC3-90DE-CB6D2316DA52}.Debug|Any CPU.ActiveCfg = Debug|Any CPU
		{D679010F-C1D4-4CC3-90DE-CB6D2316DA52}.Debug|Any CPU.Build.0 = Debug|Any CPU
		{D679010F-C1D4-4CC3-90DE-CB6D2316DA52}.Release|Any CPU.ActiveCfg = Release|Any CPU
		{D679010F-C1D4-4CC3-90DE-CB6D2316DA52}.Release|Any CPU.Build.0 = Release|Any CPU
	EndGlobalSection
	GlobalSection(SolutionProperties) = preSolution
		HideSolutionNode = FALSE
	EndGlobalSection
	GlobalSection(ExtensibilityGlobals) = postSolution
		SolutionGuid = {C925D385-C243-4FAB-BD01-2537BD26CC26}
	EndGlobalSection
EndGlobal
