
Microsoft Visual Studio Solution File, Format Version 12.00
# Visual Studio Version 17
VisualStudioVersion = 17.2.32630.192
MinimumVisualStudioVersion = 10.0.40219.1
Project("{9A19103F-16F7-4668-BE54-9A1E7A4F7556}") = "01.DiagonalDifference", "01.DiagonalDifference\01.DiagonalDifference.csproj", "{1620BDE3-2420-4257-9A3E-CCD30D4F6CF3}"
EndProject
Project("{9A19103F-16F7-4668-BE54-9A1E7A4F7556}") = "02.SquaresInMatrix", "02.SquaresInMatrix\02.SquaresInMatrix.csproj", "{010EC329-D889-4031-9712-6DADC1C9A3A4}"
EndProject
Project("{9A19103F-16F7-4668-BE54-9A1E7A4F7556}") = "03.MaximalSum", "03.MaximalSum\03.MaximalSum.csproj", "{8DBDB3E4-F12E-409E-9FAC-4D91DD680A59}"
EndProject
Project("{9A19103F-16F7-4668-BE54-9A1E7A4F7556}") = "04.MatrixShuffling", "04.MatrixShuffling\04.MatrixShuffling.csproj", "{05E2025B-C29B-49D3-B2DB-D31F8971CC68}"
EndProject
Project("{9A19103F-16F7-4668-BE54-9A1E7A4F7556}") = "05.SnakeMoves", "05.SnakeMoves\05.SnakeMoves.csproj", "{18D37B2A-8969-4BAD-934D-4CC1F3169A73}"
EndProject
Project("{9A19103F-16F7-4668-BE54-9A1E7A4F7556}") = "06.JaggedArrayManipulator", "06.JaggedArrayManipulator\06.JaggedArrayManipulator.csproj", "{D9850D85-C782-48DC-8643-BF0112FB8706}"
EndProject
Project("{FAE04EC0-301F-11D3-BF4B-00C04F79EFBC}") = "07.KnightGame", "07.KnightGame\07.KnightGame.csproj", "{7B454F93-339F-4158-917A-210D438269E7}"
EndProject
Global
	GlobalSection(SolutionConfigurationPlatforms) = preSolution
		Debug|Any CPU = Debug|Any CPU
		Release|Any CPU = Release|Any CPU
	EndGlobalSection
	GlobalSection(ProjectConfigurationPlatforms) = postSolution
		{1620BDE3-2420-4257-9A3E-CCD30D4F6CF3}.Debug|Any CPU.ActiveCfg = Debug|Any CPU
		{1620BDE3-2420-4257-9A3E-CCD30D4F6CF3}.Debug|Any CPU.Build.0 = Debug|Any CPU
		{1620BDE3-2420-4257-9A3E-CCD30D4F6CF3}.Release|Any CPU.ActiveCfg = Release|Any CPU
		{1620BDE3-2420-4257-9A3E-CCD30D4F6CF3}.Release|Any CPU.Build.0 = Release|Any CPU
		{010EC329-D889-4031-9712-6DADC1C9A3A4}.Debug|Any CPU.ActiveCfg = Debug|Any CPU
		{010EC329-D889-4031-9712-6DADC1C9A3A4}.Debug|Any CPU.Build.0 = Debug|Any CPU
		{010EC329-D889-4031-9712-6DADC1C9A3A4}.Release|Any CPU.ActiveCfg = Release|Any CPU
		{010EC329-D889-4031-9712-6DADC1C9A3A4}.Release|Any CPU.Build.0 = Release|Any CPU
		{8DBDB3E4-F12E-409E-9FAC-4D91DD680A59}.Debug|Any CPU.ActiveCfg = Debug|Any CPU
		{8DBDB3E4-F12E-409E-9FAC-4D91DD680A59}.Debug|Any CPU.Build.0 = Debug|Any CPU
		{8DBDB3E4-F12E-409E-9FAC-4D91DD680A59}.Release|Any CPU.ActiveCfg = Release|Any CPU
		{8DBDB3E4-F12E-409E-9FAC-4D91DD680A59}.Release|Any CPU.Build.0 = Release|Any CPU
		{05E2025B-C29B-49D3-B2DB-D31F8971CC68}.Debug|Any CPU.ActiveCfg = Debug|Any CPU
		{05E2025B-C29B-49D3-B2DB-D31F8971CC68}.Debug|Any CPU.Build.0 = Debug|Any CPU
		{05E2025B-C29B-49D3-B2DB-D31F8971CC68}.Release|Any CPU.ActiveCfg = Release|Any CPU
		{05E2025B-C29B-49D3-B2DB-D31F8971CC68}.Release|Any CPU.Build.0 = Release|Any CPU
		{18D37B2A-8969-4BAD-934D-4CC1F3169A73}.Debug|Any CPU.ActiveCfg = Debug|Any CPU
		{18D37B2A-8969-4BAD-934D-4CC1F3169A73}.Debug|Any CPU.Build.0 = Debug|Any CPU
		{18D37B2A-8969-4BAD-934D-4CC1F3169A73}.Release|Any CPU.ActiveCfg = Release|Any CPU
		{18D37B2A-8969-4BAD-934D-4CC1F3169A73}.Release|Any CPU.Build.0 = Release|Any CPU
		{D9850D85-C782-48DC-8643-BF0112FB8706}.Debug|Any CPU.ActiveCfg = Debug|Any CPU
		{D9850D85-C782-48DC-8643-BF0112FB8706}.Debug|Any CPU.Build.0 = Debug|Any CPU
		{D9850D85-C782-48DC-8643-BF0112FB8706}.Release|Any CPU.ActiveCfg = Release|Any CPU
		{D9850D85-C782-48DC-8643-BF0112FB8706}.Release|Any CPU.Build.0 = Release|Any CPU
		{7B454F93-339F-4158-917A-210D438269E7}.Debug|Any CPU.ActiveCfg = Debug|Any CPU
		{7B454F93-339F-4158-917A-210D438269E7}.Debug|Any CPU.Build.0 = Debug|Any CPU
		{7B454F93-339F-4158-917A-210D438269E7}.Release|Any CPU.ActiveCfg = Release|Any CPU
		{7B454F93-339F-4158-917A-210D438269E7}.Release|Any CPU.Build.0 = Release|Any CPU
	EndGlobalSection
	GlobalSection(SolutionProperties) = preSolution
		HideSolutionNode = FALSE
	EndGlobalSection
	GlobalSection(ExtensibilityGlobals) = postSolution
		SolutionGuid = {A9AB561B-2225-4B92-A39C-FDEB83997ED0}
	EndGlobalSection
EndGlobal
