
Microsoft Visual Studio Solution File, Format Version 12.00
# Visual Studio Version 17
VisualStudioVersion = 17.2.32630.192
MinimumVisualStudioVersion = 10.0.40219.1
Project("{FAE04EC0-301F-11D3-BF4B-00C04F79EFBC}") = "01.EvenLines", "01.EvenLines\01.EvenLines.csproj", "{0F1BBB25-2898-475A-A52B-EA2AA751575E}"
EndProject
Project("{FAE04EC0-301F-11D3-BF4B-00C04F79EFBC}") = "02.LineNumbers", "02.LineNumbers\02.LineNumbers.csproj", "{48F8FB6E-CB86-4940-B321-06B5C638DC60}"
EndProject
Project("{FAE04EC0-301F-11D3-BF4B-00C04F79EFBC}") = "03.CopyBinaryFile", "03.CopyBinaryFile\03.CopyBinaryFile.csproj", "{77602DD7-C22F-4E7A-BF46-55815A5C0BAD}"
EndProject
Global
	GlobalSection(SolutionConfigurationPlatforms) = preSolution
		Debug|Any CPU = Debug|Any CPU
		Release|Any CPU = Release|Any CPU
	EndGlobalSection
	GlobalSection(ProjectConfigurationPlatforms) = postSolution
		{0F1BBB25-2898-475A-A52B-EA2AA751575E}.Debug|Any CPU.ActiveCfg = Debug|Any CPU
		{0F1BBB25-2898-475A-A52B-EA2AA751575E}.Debug|Any CPU.Build.0 = Debug|Any CPU
		{0F1BBB25-2898-475A-A52B-EA2AA751575E}.Release|Any CPU.ActiveCfg = Release|Any CPU
		{0F1BBB25-2898-475A-A52B-EA2AA751575E}.Release|Any CPU.Build.0 = Release|Any CPU
		{48F8FB6E-CB86-4940-B321-06B5C638DC60}.Debug|Any CPU.ActiveCfg = Debug|Any CPU
		{48F8FB6E-CB86-4940-B321-06B5C638DC60}.Debug|Any CPU.Build.0 = Debug|Any CPU
		{48F8FB6E-CB86-4940-B321-06B5C638DC60}.Release|Any CPU.ActiveCfg = Release|Any CPU
		{48F8FB6E-CB86-4940-B321-06B5C638DC60}.Release|Any CPU.Build.0 = Release|Any CPU
		{77602DD7-C22F-4E7A-BF46-55815A5C0BAD}.Debug|Any CPU.ActiveCfg = Debug|Any CPU
		{77602DD7-C22F-4E7A-BF46-55815A5C0BAD}.Debug|Any CPU.Build.0 = Debug|Any CPU
		{77602DD7-C22F-4E7A-BF46-55815A5C0BAD}.Release|Any CPU.ActiveCfg = Release|Any CPU
		{77602DD7-C22F-4E7A-BF46-55815A5C0BAD}.Release|Any CPU.Build.0 = Release|Any CPU
	EndGlobalSection
	GlobalSection(SolutionProperties) = preSolution
		HideSolutionNode = FALSE
	EndGlobalSection
	GlobalSection(ExtensibilityGlobals) = postSolution
		SolutionGuid = {D00645C8-5B68-424F-85E1-BCF86C113708}
	EndGlobalSection
EndGlobal
