
Microsoft Visual Studio Solution File, Format Version 12.00
# Visual Studio Version 17
VisualStudioVersion = 17.4.33122.133
MinimumVisualStudioVersion = 10.0.40219.1
Project("{9A19103F-16F7-4668-BE54-9A1E7A4F7556}") = "02.VillainNames", "02.VillainNames\02.VillainNames.csproj", "{F909B024-4224-41B5-9C64-217FAEBFFF5D}"
EndProject
Project("{9A19103F-16F7-4668-BE54-9A1E7A4F7556}") = "03.MinionNames", "03.MinionNames\03.MinionNames.csproj", "{64C2BC51-3099-4D43-969C-C2CD74B017F8}"
EndProject
Project("{9A19103F-16F7-4668-BE54-9A1E7A4F7556}") = "04.AddMinion", "04.AddMinion\04.AddMinion.csproj", "{78735B5C-2F0B-4228-9644-A9C36E3C9F6E}"
EndProject
Project("{9A19103F-16F7-4668-BE54-9A1E7A4F7556}") = "Util", "Util\Util.csproj", "{04623C45-DBF2-4928-A440-32BA3A1F2BD7}"
EndProject
Project("{FAE04EC0-301F-11D3-BF4B-00C04F79EFBC}") = "05.ChangeTownNamesCasing", "05.ChangeTownNamesCasing\05.ChangeTownNamesCasing.csproj", "{C1DD0572-FE94-4F0E-B2F5-73AE73829DA7}"
EndProject
Global
	GlobalSection(SolutionConfigurationPlatforms) = preSolution
		Debug|Any CPU = Debug|Any CPU
		Release|Any CPU = Release|Any CPU
	EndGlobalSection
	GlobalSection(ProjectConfigurationPlatforms) = postSolution
		{F909B024-4224-41B5-9C64-217FAEBFFF5D}.Debug|Any CPU.ActiveCfg = Debug|Any CPU
		{F909B024-4224-41B5-9C64-217FAEBFFF5D}.Debug|Any CPU.Build.0 = Debug|Any CPU
		{F909B024-4224-41B5-9C64-217FAEBFFF5D}.Release|Any CPU.ActiveCfg = Release|Any CPU
		{F909B024-4224-41B5-9C64-217FAEBFFF5D}.Release|Any CPU.Build.0 = Release|Any CPU
		{64C2BC51-3099-4D43-969C-C2CD74B017F8}.Debug|Any CPU.ActiveCfg = Debug|Any CPU
		{64C2BC51-3099-4D43-969C-C2CD74B017F8}.Debug|Any CPU.Build.0 = Debug|Any CPU
		{64C2BC51-3099-4D43-969C-C2CD74B017F8}.Release|Any CPU.ActiveCfg = Release|Any CPU
		{64C2BC51-3099-4D43-969C-C2CD74B017F8}.Release|Any CPU.Build.0 = Release|Any CPU
		{78735B5C-2F0B-4228-9644-A9C36E3C9F6E}.Debug|Any CPU.ActiveCfg = Debug|Any CPU
		{78735B5C-2F0B-4228-9644-A9C36E3C9F6E}.Debug|Any CPU.Build.0 = Debug|Any CPU
		{78735B5C-2F0B-4228-9644-A9C36E3C9F6E}.Release|Any CPU.ActiveCfg = Release|Any CPU
		{78735B5C-2F0B-4228-9644-A9C36E3C9F6E}.Release|Any CPU.Build.0 = Release|Any CPU
		{04623C45-DBF2-4928-A440-32BA3A1F2BD7}.Debug|Any CPU.ActiveCfg = Debug|Any CPU
		{04623C45-DBF2-4928-A440-32BA3A1F2BD7}.Debug|Any CPU.Build.0 = Debug|Any CPU
		{04623C45-DBF2-4928-A440-32BA3A1F2BD7}.Release|Any CPU.ActiveCfg = Release|Any CPU
		{04623C45-DBF2-4928-A440-32BA3A1F2BD7}.Release|Any CPU.Build.0 = Release|Any CPU
		{C1DD0572-FE94-4F0E-B2F5-73AE73829DA7}.Debug|Any CPU.ActiveCfg = Debug|Any CPU
		{C1DD0572-FE94-4F0E-B2F5-73AE73829DA7}.Debug|Any CPU.Build.0 = Debug|Any CPU
		{C1DD0572-FE94-4F0E-B2F5-73AE73829DA7}.Release|Any CPU.ActiveCfg = Release|Any CPU
		{C1DD0572-FE94-4F0E-B2F5-73AE73829DA7}.Release|Any CPU.Build.0 = Release|Any CPU
	EndGlobalSection
	GlobalSection(SolutionProperties) = preSolution
		HideSolutionNode = FALSE
	EndGlobalSection
	GlobalSection(ExtensibilityGlobals) = postSolution
		SolutionGuid = {F2B204AD-9821-43EC-8A12-AF24BF9DDF17}
	EndGlobalSection
EndGlobal
