
Microsoft Visual Studio Solution File, Format Version 12.00
# Visual Studio Version 17
VisualStudioVersion = 17.2.32630.192
MinimumVisualStudioVersion = 10.0.40219.1
Project("{FAE04EC0-301F-11D3-BF4B-00C04F79EFBC}") = "01.CustomList", "01.CustomList\01.CustomList.csproj", "{C587AC93-DACB-4B4C-B21E-FA8F92093336}"
EndProject
Global
	GlobalSection(SolutionConfigurationPlatforms) = preSolution
		Debug|Any CPU = Debug|Any CPU
		Release|Any CPU = Release|Any CPU
	EndGlobalSection
	GlobalSection(ProjectConfigurationPlatforms) = postSolution
		{C587AC93-DACB-4B4C-B21E-FA8F92093336}.Debug|Any CPU.ActiveCfg = Debug|Any CPU
		{C587AC93-DACB-4B4C-B21E-FA8F92093336}.Debug|Any CPU.Build.0 = Debug|Any CPU
		{C587AC93-DACB-4B4C-B21E-FA8F92093336}.Release|Any CPU.ActiveCfg = Release|Any CPU
		{C587AC93-DACB-4B4C-B21E-FA8F92093336}.Release|Any CPU.Build.0 = Release|Any CPU
	EndGlobalSection
	GlobalSection(SolutionProperties) = preSolution
		HideSolutionNode = FALSE
	EndGlobalSection
	GlobalSection(ExtensibilityGlobals) = postSolution
		SolutionGuid = {24E3C820-12E4-40E8-B5E6-2223EE6ED46A}
	EndGlobalSection
EndGlobal
