
Microsoft Visual Studio Solution File, Format Version 12.00
# Visual Studio Version 17
VisualStudioVersion = 17.3.32929.385
MinimumVisualStudioVersion = 10.0.40219.1
Project("{9A19103F-16F7-4668-BE54-9A1E7A4F7556}") = "01.Stealer", "01.Stealer\01.Stealer.csproj", "{1DEF77CF-0814-463E-BBDE-6D1B7F8054AB}"
EndProject
Project("{9A19103F-16F7-4668-BE54-9A1E7A4F7556}") = "02.HighQualityMistakes", "02.HighQualityMistakes\02.HighQualityMistakes.csproj", "{0F4C9602-0952-42B5-A235-AA61FC4C5795}"
EndProject
Project("{FAE04EC0-301F-11D3-BF4B-00C04F79EFBC}") = "03.MissionPrivateImpossible", "03.MissionPrivateImpossible\03.MissionPrivateImpossible.csproj", "{3563796F-D9C8-4115-B531-884E6E457AA3}"
EndProject
Project("{FAE04EC0-301F-11D3-BF4B-00C04F79EFBC}") = "04.Collector", "04.Collector\04.Collector.csproj", "{F20F5251-7D64-4645-9DBA-9D88CCE0E755}"
EndProject
Project("{FAE04EC0-301F-11D3-BF4B-00C04F79EFBC}") = "05.CreateAttribute", "05.CreateAttribute\05.CreateAttribute.csproj", "{88A7F9CE-E4C8-4D45-BD44-A4FF416A6AA2}"
EndProject
Project("{FAE04EC0-301F-11D3-BF4B-00C04F79EFBC}") = "06.CodeTracker", "06.CodeTracker\06.CodeTracker.csproj", "{46B35B4A-15AB-4524-AC63-E024913634AE}"
EndProject
Global
	GlobalSection(SolutionConfigurationPlatforms) = preSolution
		Debug|Any CPU = Debug|Any CPU
		Release|Any CPU = Release|Any CPU
	EndGlobalSection
	GlobalSection(ProjectConfigurationPlatforms) = postSolution
		{1DEF77CF-0814-463E-BBDE-6D1B7F8054AB}.Debug|Any CPU.ActiveCfg = Debug|Any CPU
		{1DEF77CF-0814-463E-BBDE-6D1B7F8054AB}.Debug|Any CPU.Build.0 = Debug|Any CPU
		{1DEF77CF-0814-463E-BBDE-6D1B7F8054AB}.Release|Any CPU.ActiveCfg = Release|Any CPU
		{1DEF77CF-0814-463E-BBDE-6D1B7F8054AB}.Release|Any CPU.Build.0 = Release|Any CPU
		{0F4C9602-0952-42B5-A235-AA61FC4C5795}.Debug|Any CPU.ActiveCfg = Debug|Any CPU
		{0F4C9602-0952-42B5-A235-AA61FC4C5795}.Debug|Any CPU.Build.0 = Debug|Any CPU
		{0F4C9602-0952-42B5-A235-AA61FC4C5795}.Release|Any CPU.ActiveCfg = Release|Any CPU
		{0F4C9602-0952-42B5-A235-AA61FC4C5795}.Release|Any CPU.Build.0 = Release|Any CPU
		{3563796F-D9C8-4115-B531-884E6E457AA3}.Debug|Any CPU.ActiveCfg = Debug|Any CPU
		{3563796F-D9C8-4115-B531-884E6E457AA3}.Debug|Any CPU.Build.0 = Debug|Any CPU
		{3563796F-D9C8-4115-B531-884E6E457AA3}.Release|Any CPU.ActiveCfg = Release|Any CPU
		{3563796F-D9C8-4115-B531-884E6E457AA3}.Release|Any CPU.Build.0 = Release|Any CPU
		{F20F5251-7D64-4645-9DBA-9D88CCE0E755}.Debug|Any CPU.ActiveCfg = Debug|Any CPU
		{F20F5251-7D64-4645-9DBA-9D88CCE0E755}.Debug|Any CPU.Build.0 = Debug|Any CPU
		{F20F5251-7D64-4645-9DBA-9D88CCE0E755}.Release|Any CPU.ActiveCfg = Release|Any CPU
		{F20F5251-7D64-4645-9DBA-9D88CCE0E755}.Release|Any CPU.Build.0 = Release|Any CPU
		{88A7F9CE-E4C8-4D45-BD44-A4FF416A6AA2}.Debug|Any CPU.ActiveCfg = Debug|Any CPU
		{88A7F9CE-E4C8-4D45-BD44-A4FF416A6AA2}.Debug|Any CPU.Build.0 = Debug|Any CPU
		{88A7F9CE-E4C8-4D45-BD44-A4FF416A6AA2}.Release|Any CPU.ActiveCfg = Release|Any CPU
		{88A7F9CE-E4C8-4D45-BD44-A4FF416A6AA2}.Release|Any CPU.Build.0 = Release|Any CPU
		{46B35B4A-15AB-4524-AC63-E024913634AE}.Debug|Any CPU.ActiveCfg = Debug|Any CPU
		{46B35B4A-15AB-4524-AC63-E024913634AE}.Debug|Any CPU.Build.0 = Debug|Any CPU
		{46B35B4A-15AB-4524-AC63-E024913634AE}.Release|Any CPU.ActiveCfg = Release|Any CPU
		{46B35B4A-15AB-4524-AC63-E024913634AE}.Release|Any CPU.Build.0 = Release|Any CPU
	EndGlobalSection
	GlobalSection(SolutionProperties) = preSolution
		HideSolutionNode = FALSE
	EndGlobalSection
	GlobalSection(ExtensibilityGlobals) = postSolution
		SolutionGuid = {91643AEE-F19E-45DA-BBB2-90433EC3D417}
	EndGlobalSection
EndGlobal
