
Microsoft Visual Studio Solution File, Format Version 12.00
# Visual Studio Version 17
VisualStudioVersion = 17.2.32630.192
MinimumVisualStudioVersion = 10.0.40219.1
Project("{FAE04EC0-301F-11D3-BF4B-00C04F79EFBC}") = "03.FishingNet", "03.FishingNet\03.FishingNet.csproj", "{780B7589-977C-4638-8369-CDB44A0AEBA7}"
EndProject
Project("{FAE04EC0-301F-11D3-BF4B-00C04F79EFBC}") = "01.BakeryShop", "01.BakeryShop\01.BakeryShop.csproj", "{2DC69B0F-310F-40EF-A196-8D888E57353C}"
EndProject
Global
	GlobalSection(SolutionConfigurationPlatforms) = preSolution
		Debug|Any CPU = Debug|Any CPU
		Release|Any CPU = Release|Any CPU
	EndGlobalSection
	GlobalSection(ProjectConfigurationPlatforms) = postSolution
		{780B7589-977C-4638-8369-CDB44A0AEBA7}.Debug|Any CPU.ActiveCfg = Debug|Any CPU
		{780B7589-977C-4638-8369-CDB44A0AEBA7}.Debug|Any CPU.Build.0 = Debug|Any CPU
		{780B7589-977C-4638-8369-CDB44A0AEBA7}.Release|Any CPU.ActiveCfg = Release|Any CPU
		{780B7589-977C-4638-8369-CDB44A0AEBA7}.Release|Any CPU.Build.0 = Release|Any CPU
		{2DC69B0F-310F-40EF-A196-8D888E57353C}.Debug|Any CPU.ActiveCfg = Debug|Any CPU
		{2DC69B0F-310F-40EF-A196-8D888E57353C}.Debug|Any CPU.Build.0 = Debug|Any CPU
		{2DC69B0F-310F-40EF-A196-8D888E57353C}.Release|Any CPU.ActiveCfg = Release|Any CPU
		{2DC69B0F-310F-40EF-A196-8D888E57353C}.Release|Any CPU.Build.0 = Release|Any CPU
	EndGlobalSection
	GlobalSection(SolutionProperties) = preSolution
		HideSolutionNode = FALSE
	EndGlobalSection
	GlobalSection(ExtensibilityGlobals) = postSolution
		SolutionGuid = {1DB852E5-06E2-4FFB-A810-DE693E2FADBC}
	EndGlobalSection
EndGlobal
