
Microsoft Visual Studio Solution File, Format Version 12.00
# Visual Studio Version 17
VisualStudioVersion = 17.2.32630.192
MinimumVisualStudioVersion = 10.0.40219.1
Project("{FAE04EC0-301F-11D3-BF4B-00C04F79EFBC}") = "01.Furniture", "01.Furniture\01.Furniture.csproj", "{F7B84EA6-79DD-4143-A982-E77A4B9ED346}"
EndProject
Global
	GlobalSection(SolutionConfigurationPlatforms) = preSolution
		Debug|Any CPU = Debug|Any CPU
		Release|Any CPU = Release|Any CPU
	EndGlobalSection
	GlobalSection(ProjectConfigurationPlatforms) = postSolution
		{F7B84EA6-79DD-4143-A982-E77A4B9ED346}.Debug|Any CPU.ActiveCfg = Debug|Any CPU
		{F7B84EA6-79DD-4143-A982-E77A4B9ED346}.Debug|Any CPU.Build.0 = Debug|Any CPU
		{F7B84EA6-79DD-4143-A982-E77A4B9ED346}.Release|Any CPU.ActiveCfg = Release|Any CPU
		{F7B84EA6-79DD-4143-A982-E77A4B9ED346}.Release|Any CPU.Build.0 = Release|Any CPU
	EndGlobalSection
	GlobalSection(SolutionProperties) = preSolution
		HideSolutionNode = FALSE
	EndGlobalSection
	GlobalSection(ExtensibilityGlobals) = postSolution
		SolutionGuid = {3F53E10B-764E-4E0D-A335-33E826F634F7}
	EndGlobalSection
EndGlobal
