
Microsoft Visual Studio Solution File, Format Version 12.00
# Visual Studio Version 17
VisualStudioVersion = 17.2.32630.192
MinimumVisualStudioVersion = 10.0.40219.1
Project("{9A19103F-16F7-4668-BE54-9A1E7A4F7556}") = "01.RockPaperScissorsGame", "01.RockPaperScissorsGame\01.RockPaperScissorsGame.csproj", "{B5EB40DD-732C-4605-A796-57991DE44612}"
EndProject
Project("{9A19103F-16F7-4668-BE54-9A1E7A4F7556}") = "02.GuestTheNumber", "02.GuestTheNumber\02.GuestTheNumber.csproj", "{1DD97DE6-2E86-426B-9913-A46AC5ECD7C1}"
EndProject
Project("{9A19103F-16F7-4668-BE54-9A1E7A4F7556}") = "03.QuickDraw", "03.QuickDraw\03.QuickDraw.csproj", "{B3D6EFF5-0076-4F92-851A-43EEA3B439C2}"
EndProject
Project("{FAE04EC0-301F-11D3-BF4B-00C04F79EFBC}") = "04.CurrencyConverter", "04.CurrencyConverter\04.CurrencyConverter.csproj", "{82C38468-11A6-42BF-9A80-7A8FA4530958}"
EndProject
Global
	GlobalSection(SolutionConfigurationPlatforms) = preSolution
		Debug|Any CPU = Debug|Any CPU
		Release|Any CPU = Release|Any CPU
	EndGlobalSection
	GlobalSection(ProjectConfigurationPlatforms) = postSolution
		{B5EB40DD-732C-4605-A796-57991DE44612}.Debug|Any CPU.ActiveCfg = Debug|Any CPU
		{B5EB40DD-732C-4605-A796-57991DE44612}.Debug|Any CPU.Build.0 = Debug|Any CPU
		{B5EB40DD-732C-4605-A796-57991DE44612}.Release|Any CPU.ActiveCfg = Release|Any CPU
		{B5EB40DD-732C-4605-A796-57991DE44612}.Release|Any CPU.Build.0 = Release|Any CPU
		{1DD97DE6-2E86-426B-9913-A46AC5ECD7C1}.Debug|Any CPU.ActiveCfg = Debug|Any CPU
		{1DD97DE6-2E86-426B-9913-A46AC5ECD7C1}.Debug|Any CPU.Build.0 = Debug|Any CPU
		{1DD97DE6-2E86-426B-9913-A46AC5ECD7C1}.Release|Any CPU.ActiveCfg = Release|Any CPU
		{1DD97DE6-2E86-426B-9913-A46AC5ECD7C1}.Release|Any CPU.Build.0 = Release|Any CPU
		{B3D6EFF5-0076-4F92-851A-43EEA3B439C2}.Debug|Any CPU.ActiveCfg = Debug|Any CPU
		{B3D6EFF5-0076-4F92-851A-43EEA3B439C2}.Debug|Any CPU.Build.0 = Debug|Any CPU
		{B3D6EFF5-0076-4F92-851A-43EEA3B439C2}.Release|Any CPU.ActiveCfg = Release|Any CPU
		{B3D6EFF5-0076-4F92-851A-43EEA3B439C2}.Release|Any CPU.Build.0 = Release|Any CPU
		{82C38468-11A6-42BF-9A80-7A8FA4530958}.Debug|Any CPU.ActiveCfg = Debug|Any CPU
		{82C38468-11A6-42BF-9A80-7A8FA4530958}.Debug|Any CPU.Build.0 = Debug|Any CPU
		{82C38468-11A6-42BF-9A80-7A8FA4530958}.Release|Any CPU.ActiveCfg = Release|Any CPU
		{82C38468-11A6-42BF-9A80-7A8FA4530958}.Release|Any CPU.Build.0 = Release|Any CPU
	EndGlobalSection
	GlobalSection(SolutionProperties) = preSolution
		HideSolutionNode = FALSE
	EndGlobalSection
	GlobalSection(ExtensibilityGlobals) = postSolution
		SolutionGuid = {33EC4057-40AF-44D8-A1B9-F7E3ACC2665A}
	EndGlobalSection
EndGlobal
